// !$*UTF8*$!
{
	archiveVersion = 1;
	classes = {
	};
	objectVersion = 46;
	objects = {

/* Begin PBXBuildFile section */
		069F786A7ACD5876F0D08936 /* ofxLabel.cpp in Sources */ = {isa = PBXBuildFile; fileRef = 0BDECB33CE6C113DC2F86EAD /* ofxLabel.cpp */; };
		2E45B1DAD0E5D156304FB3E5 /* ofxGuiGroup.cpp in Sources */ = {isa = PBXBuildFile; fileRef = 6C7B08F7B86E102C64478A26 /* ofxGuiGroup.cpp */; };
		3991636BB5AFE15D057C851E /* ofxFXObject.cpp in Sources */ = {isa = PBXBuildFile; fileRef = F305593EB1C7981AE67630B1 /* ofxFXObject.cpp */; };
		3C576F3C2EB0C9D898F14B25 /* ofxButton.cpp in Sources */ = {isa = PBXBuildFile; fileRef = 6095D7BECDC427FB2329A888 /* ofxButton.cpp */; };
		67530C290718EC5B65342F59 /* ofxSliderGroup.cpp in Sources */ = {isa = PBXBuildFile; fileRef = F04AECF6297FA2BABD15172A /* ofxSliderGroup.cpp */; };
		8C1DD267474CE50AC9E48885 /* ofxAVFVideoRenderer.m in Sources */ = {isa = PBXBuildFile; fileRef = E1714C7DDAC3CD5A1EAFAD3D /* ofxAVFVideoRenderer.m */; };
		92CED5F9607D9992C96F4BA6 /* ofxSlider.cpp in Sources */ = {isa = PBXBuildFile; fileRef = AD483560B2C15E41359B6A76 /* ofxSlider.cpp */; };
		961FCDD31BD6EF04008A3C66 /* QuartzCore.framework in Frameworks */ = {isa = PBXBuildFile; fileRef = 961FCDD21BD6EF04008A3C66 /* QuartzCore.framework */; };
		961FCDD51BD6EF0D008A3C66 /* CoreMedia.framework in Frameworks */ = {isa = PBXBuildFile; fileRef = 961FCDD41BD6EF0D008A3C66 /* CoreMedia.framework */; };
		961FCDD71BD6EF16008A3C66 /* AVFoundation.framework in Frameworks */ = {isa = PBXBuildFile; fileRef = 961FCDD61BD6EF16008A3C66 /* AVFoundation.framework */; };
		96B986CA1BD8125400C13270 /* ETF.cpp in Sources */ = {isa = PBXBuildFile; fileRef = 96B986AD1BD8125400C13270 /* ETF.cpp */; settings = {ASSET_TAGS = (); }; };
		96B986CB1BD8125400C13270 /* fdog.cpp in Sources */ = {isa = PBXBuildFile; fileRef = 96B986AE1BD8125400C13270 /* fdog.cpp */; settings = {ASSET_TAGS = (); }; };
		96B986CC1BD8125400C13270 /* Calibration.cpp in Sources */ = {isa = PBXBuildFile; fileRef = 96B986BE1BD8125400C13270 /* Calibration.cpp */; settings = {ASSET_TAGS = (); }; };
		96B986CD1BD8125400C13270 /* ContourFinder.cpp in Sources */ = {isa = PBXBuildFile; fileRef = 96B986BF1BD8125400C13270 /* ContourFinder.cpp */; settings = {ASSET_TAGS = (); }; };
		96B986CE1BD8125400C13270 /* Distance.cpp in Sources */ = {isa = PBXBuildFile; fileRef = 96B986C01BD8125400C13270 /* Distance.cpp */; settings = {ASSET_TAGS = (); }; };
		96B986CF1BD8125400C13270 /* Flow.cpp in Sources */ = {isa = PBXBuildFile; fileRef = 96B986C11BD8125400C13270 /* Flow.cpp */; settings = {ASSET_TAGS = (); }; };
		96B986D01BD8125400C13270 /* Helpers.cpp in Sources */ = {isa = PBXBuildFile; fileRef = 96B986C21BD8125400C13270 /* Helpers.cpp */; settings = {ASSET_TAGS = (); }; };
		96B986D11BD8125400C13270 /* Kalman.cpp in Sources */ = {isa = PBXBuildFile; fileRef = 96B986C31BD8125400C13270 /* Kalman.cpp */; settings = {ASSET_TAGS = (); }; };
		96B986D21BD8125400C13270 /* ObjectFinder.cpp in Sources */ = {isa = PBXBuildFile; fileRef = 96B986C41BD8125400C13270 /* ObjectFinder.cpp */; settings = {ASSET_TAGS = (); }; };
		96B986D31BD8125400C13270 /* RunningBackground.cpp in Sources */ = {isa = PBXBuildFile; fileRef = 96B986C51BD8125400C13270 /* RunningBackground.cpp */; settings = {ASSET_TAGS = (); }; };
		96B986D41BD8125400C13270 /* Tracker.cpp in Sources */ = {isa = PBXBuildFile; fileRef = 96B986C61BD8125400C13270 /* Tracker.cpp */; settings = {ASSET_TAGS = (); }; };
		96B986D51BD8125400C13270 /* Utilities.cpp in Sources */ = {isa = PBXBuildFile; fileRef = 96B986C71BD8125400C13270 /* Utilities.cpp */; settings = {ASSET_TAGS = (); }; };
		96B986D61BD8125400C13270 /* Wrappers.cpp in Sources */ = {isa = PBXBuildFile; fileRef = 96B986C81BD8125400C13270 /* Wrappers.cpp */; settings = {ASSET_TAGS = (); }; };
		96B986D71BD8125400C13270 /* opencv.a in Frameworks */ = {isa = PBXBuildFile; fileRef = 96B986C91BD8125400C13270 /* opencv.a */; };
		A99A35EE9A8C183C8A40DC63 /* ofxAVFVideoPlayer.mm in Sources */ = {isa = PBXBuildFile; fileRef = 2EFB1207A79E63C4CF6B5EB5 /* ofxAVFVideoPlayer.mm */; };
		B411A86836995E106258BFA5 /* ofxPanel.cpp in Sources */ = {isa = PBXBuildFile; fileRef = 2C9CE1801FB39D9EC91E8EF2 /* ofxPanel.cpp */; };
		B65B1884DD371A238EC7635B /* ofxToggle.cpp in Sources */ = {isa = PBXBuildFile; fileRef = D53BBB1A6114E935DC61242E /* ofxToggle.cpp */; };
		BBAB23CB13894F3D00AA2426 /* GLUT.framework in CopyFiles */ = {isa = PBXBuildFile; fileRef = BBAB23BE13894E4700AA2426 /* GLUT.framework */; settings = {ATTRIBUTES = (CodeSignOnCopy, ); }; };
		E3CEC2511A24D41B4D8B50BA /* ofxBaseGui.cpp in Sources */ = {isa = PBXBuildFile; fileRef = 5E1DEEE3ED10BA2BB2A9DD7B /* ofxBaseGui.cpp */; };
		E4328149138ABC9F0047C5CB /* openFrameworksDebug.a in Frameworks */ = {isa = PBXBuildFile; fileRef = E4328148138ABC890047C5CB /* openFrameworksDebug.a */; };
		E45BE97B0E8CC7DD009D7055 /* AGL.framework in Frameworks */ = {isa = PBXBuildFile; fileRef = E45BE9710E8CC7DD009D7055 /* AGL.framework */; };
		E45BE97C0E8CC7DD009D7055 /* ApplicationServices.framework in Frameworks */ = {isa = PBXBuildFile; fileRef = E45BE9720E8CC7DD009D7055 /* ApplicationServices.framework */; };
		E45BE97D0E8CC7DD009D7055 /* AudioToolbox.framework in Frameworks */ = {isa = PBXBuildFile; fileRef = E45BE9730E8CC7DD009D7055 /* AudioToolbox.framework */; };
		E45BE97F0E8CC7DD009D7055 /* CoreAudio.framework in Frameworks */ = {isa = PBXBuildFile; fileRef = E45BE9750E8CC7DD009D7055 /* CoreAudio.framework */; };
		E45BE9800E8CC7DD009D7055 /* CoreFoundation.framework in Frameworks */ = {isa = PBXBuildFile; fileRef = E45BE9760E8CC7DD009D7055 /* CoreFoundation.framework */; };
		E45BE9810E8CC7DD009D7055 /* CoreServices.framework in Frameworks */ = {isa = PBXBuildFile; fileRef = E45BE9770E8CC7DD009D7055 /* CoreServices.framework */; };
		E45BE9830E8CC7DD009D7055 /* OpenGL.framework in Frameworks */ = {isa = PBXBuildFile; fileRef = E45BE9790E8CC7DD009D7055 /* OpenGL.framework */; };
		E45BE9840E8CC7DD009D7055 /* QuickTime.framework in Frameworks */ = {isa = PBXBuildFile; fileRef = E45BE97A0E8CC7DD009D7055 /* QuickTime.framework */; };
		E4B69E200A3A1BDC003C02F2 /* main.cpp in Sources */ = {isa = PBXBuildFile; fileRef = E4B69E1D0A3A1BDC003C02F2 /* main.cpp */; };
		E4B69E210A3A1BDC003C02F2 /* ofApp.cpp in Sources */ = {isa = PBXBuildFile; fileRef = E4B69E1E0A3A1BDC003C02F2 /* ofApp.cpp */; };
		E4C2424710CC5A17004149E2 /* AppKit.framework in Frameworks */ = {isa = PBXBuildFile; fileRef = E4C2424410CC5A17004149E2 /* AppKit.framework */; };
		E4C2424810CC5A17004149E2 /* Cocoa.framework in Frameworks */ = {isa = PBXBuildFile; fileRef = E4C2424510CC5A17004149E2 /* Cocoa.framework */; };
		E4C2424910CC5A17004149E2 /* IOKit.framework in Frameworks */ = {isa = PBXBuildFile; fileRef = E4C2424610CC5A17004149E2 /* IOKit.framework */; };
		E4EB6799138ADC1D00A09F29 /* GLUT.framework in Frameworks */ = {isa = PBXBuildFile; fileRef = BBAB23BE13894E4700AA2426 /* GLUT.framework */; };
		E7E077E515D3B63C0020DFD4 /* CoreVideo.framework in Frameworks */ = {isa = PBXBuildFile; fileRef = E7E077E415D3B63C0020DFD4 /* CoreVideo.framework */; };
		E7E077E815D3B6510020DFD4 /* QTKit.framework in Frameworks */ = {isa = PBXBuildFile; fileRef = E7E077E715D3B6510020DFD4 /* QTKit.framework */; };
		E7F985F815E0DEA3003869B5 /* Accelerate.framework in Frameworks */ = {isa = PBXBuildFile; fileRef = E7F985F515E0DE99003869B5 /* Accelerate.framework */; };
/* End PBXBuildFile section */

/* Begin PBXContainerItemProxy section */
		E4328147138ABC890047C5CB /* PBXContainerItemProxy */ = {
			isa = PBXContainerItemProxy;
			containerPortal = E4328143138ABC890047C5CB /* openFrameworksLib.xcodeproj */;
			proxyType = 2;
			remoteGlobalIDString = E4B27C1510CBEB8E00536013;
			remoteInfo = openFrameworks;
		};
		E4EEB9AB138B136A00A80321 /* PBXContainerItemProxy */ = {
			isa = PBXContainerItemProxy;
			containerPortal = E4328143138ABC890047C5CB /* openFrameworksLib.xcodeproj */;
			proxyType = 1;
			remoteGlobalIDString = E4B27C1410CBEB8E00536013;
			remoteInfo = openFrameworks;
		};
/* End PBXContainerItemProxy section */

/* Begin PBXCopyFilesBuildPhase section */
		E4C2427710CC5ABF004149E2 /* CopyFiles */ = {
			isa = PBXCopyFilesBuildPhase;
			buildActionMask = 2147483647;
			dstPath = "";
			dstSubfolderSpec = 10;
			files = (
				BBAB23CB13894F3D00AA2426 /* GLUT.framework in CopyFiles */,
			);
			runOnlyForDeploymentPostprocessing = 0;
		};
/* End PBXCopyFilesBuildPhase section */

/* Begin PBXFileReference section */
		04D6F771EB47345ED8CB41A1 /* ofxRipples.h */ = {isa = PBXFileReference; explicitFileType = sourcecode.c.h; fileEncoding = 30; name = ofxRipples.h; path = ../../../Frameworks/OF_OSX/addons/ofxFX/src/operations/ofxRipples.h; sourceTree = SOURCE_ROOT; };
		0BDECB33CE6C113DC2F86EAD /* ofxLabel.cpp */ = {isa = PBXFileReference; explicitFileType = sourcecode.cpp.cpp; fileEncoding = 30; name = ofxLabel.cpp; path = ../../../Frameworks/OF_OSX/addons/ofxGui/src/ofxLabel.cpp; sourceTree = SOURCE_ROOT; };
		1C701BABEF3EA3C66DF9AE3B /* ofxFBM.h */ = {isa = PBXFileReference; explicitFileType = sourcecode.c.h; fileEncoding = 30; name = ofxFBM.h; path = ../../../Frameworks/OF_OSX/addons/ofxFX/src/generative/ofxFBM.h; sourceTree = SOURCE_ROOT; };
		1F8C3E380B2E3912B8159BAB /* ofxNoise.h */ = {isa = PBXFileReference; explicitFileType = sourcecode.c.h; fileEncoding = 30; name = ofxNoise.h; path = ../../../Frameworks/OF_OSX/addons/ofxFX/src/generative/ofxNoise.h; sourceTree = SOURCE_ROOT; };
		2C9CE1801FB39D9EC91E8EF2 /* ofxPanel.cpp */ = {isa = PBXFileReference; explicitFileType = sourcecode.cpp.cpp; fileEncoding = 30; name = ofxPanel.cpp; path = ../../../Frameworks/OF_OSX/addons/ofxGui/src/ofxPanel.cpp; sourceTree = SOURCE_ROOT; };
		2EFB1207A79E63C4CF6B5EB5 /* ofxAVFVideoPlayer.mm */ = {isa = PBXFileReference; explicitFileType = sourcecode.cpp.objcpp; fileEncoding = 30; name = ofxAVFVideoPlayer.mm; path = ../../../Frameworks/OF_OSX/addons/ofxAVFVideoPlayer/src/ofxAVFVideoPlayer.mm; sourceTree = SOURCE_ROOT; };
		341B17C8A29E219A4E862E0B /* ofxChromaAb.h */ = {isa = PBXFileReference; explicitFileType = sourcecode.c.h; fileEncoding = 30; name = ofxChromaAb.h; path = ../../../Frameworks/OF_OSX/addons/ofxFX/src/filters/ofxChromaAb.h; sourceTree = SOURCE_ROOT; };
		34534D921A2684EA7D43606D /* ofxFXObject.h */ = {isa = PBXFileReference; explicitFileType = sourcecode.c.h; fileEncoding = 30; name = ofxFXObject.h; path = ../../../Frameworks/OF_OSX/addons/ofxFX/src/ofxFXObject.h; sourceTree = SOURCE_ROOT; };
		35642E9AC6D0C294B28B3400 /* ofxBlend.h */ = {isa = PBXFileReference; explicitFileType = sourcecode.c.h; fileEncoding = 30; name = ofxBlend.h; path = ../../../Frameworks/OF_OSX/addons/ofxFX/src/composers/ofxBlend.h; sourceTree = SOURCE_ROOT; };
		36AFBEEA6CFA178DE082C39B /* ofxFire.h */ = {isa = PBXFileReference; explicitFileType = sourcecode.c.h; fileEncoding = 30; name = ofxFire.h; path = ../../../Frameworks/OF_OSX/addons/ofxFX/src/generative/ofxFire.h; sourceTree = SOURCE_ROOT; };
		3B8860CBE312A5C687DA8574 /* ofxSlider.h */ = {isa = PBXFileReference; explicitFileType = sourcecode.c.h; fileEncoding = 30; name = ofxSlider.h; path = ../../../Frameworks/OF_OSX/addons/ofxGui/src/ofxSlider.h; sourceTree = SOURCE_ROOT; };
		4C9F074DC6F7AA44594E6838 /* ofxPanel.h */ = {isa = PBXFileReference; explicitFileType = sourcecode.c.h; fileEncoding = 30; name = ofxPanel.h; path = ../../../Frameworks/OF_OSX/addons/ofxGui/src/ofxPanel.h; sourceTree = SOURCE_ROOT; };
		5190759596098248611E55CE /* ofxMultiTexture.h */ = {isa = PBXFileReference; explicitFileType = sourcecode.c.h; fileEncoding = 30; name = ofxMultiTexture.h; path = ../../../Frameworks/OF_OSX/addons/ofxFX/src/composers/ofxMultiTexture.h; sourceTree = SOURCE_ROOT; };
		54223521F73E086D9F844BE3 /* ofxMask.h */ = {isa = PBXFileReference; explicitFileType = sourcecode.c.h; fileEncoding = 30; name = ofxMask.h; path = ../../../Frameworks/OF_OSX/addons/ofxFX/src/composers/ofxMask.h; sourceTree = SOURCE_ROOT; };
		55AC282F8CF3712770EA4F7C /* ofxGlow.h */ = {isa = PBXFileReference; explicitFileType = sourcecode.c.h; fileEncoding = 30; name = ofxGlow.h; path = ../../../Frameworks/OF_OSX/addons/ofxFX/src/filters/ofxGlow.h; sourceTree = SOURCE_ROOT; };
		5E1DEEE3ED10BA2BB2A9DD7B /* ofxBaseGui.cpp */ = {isa = PBXFileReference; explicitFileType = sourcecode.cpp.cpp; fileEncoding = 30; name = ofxBaseGui.cpp; path = ../../../Frameworks/OF_OSX/addons/ofxGui/src/ofxBaseGui.cpp; sourceTree = SOURCE_ROOT; };
		6095D7BECDC427FB2329A888 /* ofxButton.cpp */ = {isa = PBXFileReference; explicitFileType = sourcecode.cpp.cpp; fileEncoding = 30; name = ofxButton.cpp; path = ../../../Frameworks/OF_OSX/addons/ofxGui/src/ofxButton.cpp; sourceTree = SOURCE_ROOT; };
		6A6E8A216C5DFF35C2F005A4 /* ofxFX.h */ = {isa = PBXFileReference; explicitFileType = sourcecode.c.h; fileEncoding = 30; name = ofxFX.h; path = ../../../Frameworks/OF_OSX/addons/ofxFX/src/ofxFX.h; sourceTree = SOURCE_ROOT; };
		6C7B08F7B86E102C64478A26 /* ofxGuiGroup.cpp */ = {isa = PBXFileReference; explicitFileType = sourcecode.cpp.cpp; fileEncoding = 30; name = ofxGuiGroup.cpp; path = ../../../Frameworks/OF_OSX/addons/ofxGui/src/ofxGuiGroup.cpp; sourceTree = SOURCE_ROOT; };
		6C8112B0857843827814F056 /* ofxBloom.h */ = {isa = PBXFileReference; explicitFileType = sourcecode.c.h; fileEncoding = 30; name = ofxBloom.h; path = ../../../Frameworks/OF_OSX/addons/ofxFX/src/filters/ofxBloom.h; sourceTree = SOURCE_ROOT; };
		6D0089173CBB9AA979734312 /* ofxInverse.h */ = {isa = PBXFileReference; explicitFileType = sourcecode.c.h; fileEncoding = 30; name = ofxInverse.h; path = ../../../Frameworks/OF_OSX/addons/ofxFX/src/filters/ofxInverse.h; sourceTree = SOURCE_ROOT; };
		6D1664FACC321E7B43B82245 /* ofxContrast.h */ = {isa = PBXFileReference; explicitFileType = sourcecode.c.h; fileEncoding = 30; name = ofxContrast.h; path = ../../../Frameworks/OF_OSX/addons/ofxFX/src/filters/ofxContrast.h; sourceTree = SOURCE_ROOT; };
		7442C4027EC021F77E6E9789 /* ofxSwapBuffer.h */ = {isa = PBXFileReference; explicitFileType = sourcecode.c.h; fileEncoding = 30; name = ofxSwapBuffer.h; path = ../../../Frameworks/OF_OSX/addons/ofxFX/src/ofxSwapBuffer.h; sourceTree = SOURCE_ROOT; };
		79682E3777479BDF4C3EDB23 /* ofxGrayScott.h */ = {isa = PBXFileReference; explicitFileType = sourcecode.c.h; fileEncoding = 30; name = ofxGrayScott.h; path = ../../../Frameworks/OF_OSX/addons/ofxFX/src/generative/ofxGrayScott.h; sourceTree = SOURCE_ROOT; };
		7A6B66D49C03BF9C6172EC0F /* ofxLUT.h */ = {isa = PBXFileReference; explicitFileType = sourcecode.c.h; fileEncoding = 30; name = ofxLUT.h; path = ../../../Frameworks/OF_OSX/addons/ofxFX/src/filters/ofxLUT.h; sourceTree = SOURCE_ROOT; };
		7C1C95E115CF3DA31C9CD4C4 /* ofxBokeh.h */ = {isa = PBXFileReference; explicitFileType = sourcecode.c.h; fileEncoding = 30; name = ofxBokeh.h; path = ../../../Frameworks/OF_OSX/addons/ofxFX/src/filters/ofxBokeh.h; sourceTree = SOURCE_ROOT; };
		7C8BD4BD46CB85490A8085E3 /* ofxMedian.h */ = {isa = PBXFileReference; explicitFileType = sourcecode.c.h; fileEncoding = 30; name = ofxMedian.h; path = ../../../Frameworks/OF_OSX/addons/ofxFX/src/filters/ofxMedian.h; sourceTree = SOURCE_ROOT; };
		8BC75535D7534DDC8F748EBF /* ofxBaseGui.h */ = {isa = PBXFileReference; explicitFileType = sourcecode.c.h; fileEncoding = 30; name = ofxBaseGui.h; path = ../../../Frameworks/OF_OSX/addons/ofxGui/src/ofxBaseGui.h; sourceTree = SOURCE_ROOT; };
		8F90DECA1F0C7D603B90B421 /* ofxBarrelChromaAb.h */ = {isa = PBXFileReference; explicitFileType = sourcecode.c.h; fileEncoding = 30; name = ofxBarrelChromaAb.h; path = ../../../Frameworks/OF_OSX/addons/ofxFX/src/filters/ofxBarrelChromaAb.h; sourceTree = SOURCE_ROOT; };
		9108BE977AAE4243A5A6E97C /* ofxTint.h */ = {isa = PBXFileReference; explicitFileType = sourcecode.c.h; fileEncoding = 30; name = ofxTint.h; path = ../../../Frameworks/OF_OSX/addons/ofxFX/src/generative/ofxTint.h; sourceTree = SOURCE_ROOT; };
		9112AC0AB65D1CEE724AF28A /* ofxButton.h */ = {isa = PBXFileReference; explicitFileType = sourcecode.c.h; fileEncoding = 30; name = ofxButton.h; path = ../../../Frameworks/OF_OSX/addons/ofxGui/src/ofxButton.h; sourceTree = SOURCE_ROOT; };
		92D785DC8DAAF980EC3F9B7F /* ofxBlur.h */ = {isa = PBXFileReference; explicitFileType = sourcecode.c.h; fileEncoding = 30; name = ofxBlur.h; path = ../../../Frameworks/OF_OSX/addons/ofxFX/src/filters/ofxBlur.h; sourceTree = SOURCE_ROOT; };
		95665F45179AD9E3C371B310 /* ofxNormals.h */ = {isa = PBXFileReference; explicitFileType = sourcecode.c.h; fileEncoding = 30; name = ofxNormals.h; path = ../../../Frameworks/OF_OSX/addons/ofxFX/src/operations/ofxNormals.h; sourceTree = SOURCE_ROOT; };
		961FCDD21BD6EF04008A3C66 /* QuartzCore.framework */ = {isa = PBXFileReference; lastKnownFileType = wrapper.framework; name = QuartzCore.framework; path = System/Library/Frameworks/QuartzCore.framework; sourceTree = SDKROOT; };
		961FCDD41BD6EF0D008A3C66 /* CoreMedia.framework */ = {isa = PBXFileReference; lastKnownFileType = wrapper.framework; name = CoreMedia.framework; path = System/Library/Frameworks/CoreMedia.framework; sourceTree = SDKROOT; };
		961FCDD61BD6EF16008A3C66 /* AVFoundation.framework */ = {isa = PBXFileReference; lastKnownFileType = wrapper.framework; name = AVFoundation.framework; path = System/Library/Frameworks/AVFoundation.framework; sourceTree = SDKROOT; };
		96212ACB1BE19F3800B73B2A /* shaders */ = {isa = PBXFileReference; lastKnownFileType = folder; name = shaders; path = bin/data/shaders; sourceTree = SOURCE_ROOT; };
		96B986A21BD8125400C13270 /* ofxCv.h */ = {isa = PBXFileReference; lastKnownFileType = sourcecode.c.h; path = ofxCv.h; sourceTree = "<group>"; };
		96B986A41BD8125400C13270 /* .gitignore */ = {isa = PBXFileReference; lastKnownFileType = text; path = .gitignore; sourceTree = "<group>"; };
		96B986A81BD8125400C13270 /* ETF.h */ = {isa = PBXFileReference; lastKnownFileType = sourcecode.c.h; path = ETF.h; sourceTree = "<group>"; };
		96B986A91BD8125400C13270 /* fdog.h */ = {isa = PBXFileReference; lastKnownFileType = sourcecode.c.h; path = fdog.h; sourceTree = "<group>"; };
		96B986AA1BD8125400C13270 /* imatrix.h */ = {isa = PBXFileReference; lastKnownFileType = sourcecode.c.h; path = imatrix.h; sourceTree = "<group>"; };
		96B986AB1BD8125400C13270 /* myvec.h */ = {isa = PBXFileReference; lastKnownFileType = sourcecode.c.h; path = myvec.h; sourceTree = "<group>"; };
		96B986AD1BD8125400C13270 /* ETF.cpp */ = {isa = PBXFileReference; lastKnownFileType = sourcecode.cpp.cpp; path = ETF.cpp; sourceTree = "<group>"; };
		96B986AE1BD8125400C13270 /* fdog.cpp */ = {isa = PBXFileReference; lastKnownFileType = sourcecode.cpp.cpp; path = fdog.cpp; sourceTree = "<group>"; };
		96B986B21BD8125400C13270 /* Calibration.h */ = {isa = PBXFileReference; lastKnownFileType = sourcecode.c.h; path = Calibration.h; sourceTree = "<group>"; };
		96B986B31BD8125400C13270 /* ContourFinder.h */ = {isa = PBXFileReference; lastKnownFileType = sourcecode.c.h; path = ContourFinder.h; sourceTree = "<group>"; };
		96B986B41BD8125400C13270 /* Distance.h */ = {isa = PBXFileReference; lastKnownFileType = sourcecode.c.h; path = Distance.h; sourceTree = "<group>"; };
		96B986B51BD8125400C13270 /* Flow.h */ = {isa = PBXFileReference; lastKnownFileType = sourcecode.c.h; path = Flow.h; sourceTree = "<group>"; };
		96B986B61BD8125400C13270 /* Helpers.h */ = {isa = PBXFileReference; lastKnownFileType = sourcecode.c.h; path = Helpers.h; sourceTree = "<group>"; };
		96B986B71BD8125400C13270 /* Kalman.h */ = {isa = PBXFileReference; lastKnownFileType = sourcecode.c.h; path = Kalman.h; sourceTree = "<group>"; };
		96B986B81BD8125400C13270 /* ObjectFinder.h */ = {isa = PBXFileReference; lastKnownFileType = sourcecode.c.h; path = ObjectFinder.h; sourceTree = "<group>"; };
		96B986B91BD8125400C13270 /* RunningBackground.h */ = {isa = PBXFileReference; lastKnownFileType = sourcecode.c.h; path = RunningBackground.h; sourceTree = "<group>"; };
		96B986BA1BD8125400C13270 /* Tracker.h */ = {isa = PBXFileReference; lastKnownFileType = sourcecode.c.h; path = Tracker.h; sourceTree = "<group>"; };
		96B986BB1BD8125400C13270 /* Utilities.h */ = {isa = PBXFileReference; lastKnownFileType = sourcecode.c.h; path = Utilities.h; sourceTree = "<group>"; };
		96B986BC1BD8125400C13270 /* Wrappers.h */ = {isa = PBXFileReference; lastKnownFileType = sourcecode.c.h; path = Wrappers.h; sourceTree = "<group>"; };
		96B986BE1BD8125400C13270 /* Calibration.cpp */ = {isa = PBXFileReference; lastKnownFileType = sourcecode.cpp.cpp; path = Calibration.cpp; sourceTree = "<group>"; };
		96B986BF1BD8125400C13270 /* ContourFinder.cpp */ = {isa = PBXFileReference; lastKnownFileType = sourcecode.cpp.cpp; path = ContourFinder.cpp; sourceTree = "<group>"; };
		96B986C01BD8125400C13270 /* Distance.cpp */ = {isa = PBXFileReference; lastKnownFileType = sourcecode.cpp.cpp; path = Distance.cpp; sourceTree = "<group>"; };
		96B986C11BD8125400C13270 /* Flow.cpp */ = {isa = PBXFileReference; lastKnownFileType = sourcecode.cpp.cpp; path = Flow.cpp; sourceTree = "<group>"; };
		96B986C21BD8125400C13270 /* Helpers.cpp */ = {isa = PBXFileReference; lastKnownFileType = sourcecode.cpp.cpp; path = Helpers.cpp; sourceTree = "<group>"; };
		96B986C31BD8125400C13270 /* Kalman.cpp */ = {isa = PBXFileReference; lastKnownFileType = sourcecode.cpp.cpp; path = Kalman.cpp; sourceTree = "<group>"; };
		96B986C41BD8125400C13270 /* ObjectFinder.cpp */ = {isa = PBXFileReference; lastKnownFileType = sourcecode.cpp.cpp; path = ObjectFinder.cpp; sourceTree = "<group>"; };
		96B986C51BD8125400C13270 /* RunningBackground.cpp */ = {isa = PBXFileReference; lastKnownFileType = sourcecode.cpp.cpp; path = RunningBackground.cpp; sourceTree = "<group>"; };
		96B986C61BD8125400C13270 /* Tracker.cpp */ = {isa = PBXFileReference; lastKnownFileType = sourcecode.cpp.cpp; path = Tracker.cpp; sourceTree = "<group>"; };
		96B986C71BD8125400C13270 /* Utilities.cpp */ = {isa = PBXFileReference; lastKnownFileType = sourcecode.cpp.cpp; path = Utilities.cpp; sourceTree = "<group>"; };
		96B986C81BD8125400C13270 /* Wrappers.cpp */ = {isa = PBXFileReference; lastKnownFileType = sourcecode.cpp.cpp; path = Wrappers.cpp; sourceTree = "<group>"; };
		96B986C91BD8125400C13270 /* opencv.a */ = {isa = PBXFileReference; lastKnownFileType = archive.ar; name = opencv.a; path = ../../../Frameworks/OF_OSX/addons/ofxCv/../ofxOpenCv/libs/opencv/lib/osx/opencv.a; sourceTree = "<group>"; };
		9AA229E45E0E84AB644BC1A9 /* ofxFlow.h */ = {isa = PBXFileReference; explicitFileType = sourcecode.c.h; fileEncoding = 30; name = ofxFlow.h; path = ../../../Frameworks/OF_OSX/addons/ofxFX/src/operations/ofxFlow.h; sourceTree = SOURCE_ROOT; };
		9B8076678122B8581AA55C1F /* ofxOldTv.h */ = {isa = PBXFileReference; explicitFileType = sourcecode.c.h; fileEncoding = 30; name = ofxOldTv.h; path = ../../../Frameworks/OF_OSX/addons/ofxFX/src/filters/ofxOldTv.h; sourceTree = SOURCE_ROOT; };
		A27FF790DA26CCFF24EBC5F4 /* ofxSliderGroup.h */ = {isa = PBXFileReference; explicitFileType = sourcecode.c.h; fileEncoding = 30; name = ofxSliderGroup.h; path = ../../../Frameworks/OF_OSX/addons/ofxGui/src/ofxSliderGroup.h; sourceTree = SOURCE_ROOT; };
		A36EA78F588C801ABE32A9C7 /* ofxGuiGroup.h */ = {isa = PBXFileReference; explicitFileType = sourcecode.c.h; fileEncoding = 30; name = ofxGuiGroup.h; path = ../../../Frameworks/OF_OSX/addons/ofxGui/src/ofxGuiGroup.h; sourceTree = SOURCE_ROOT; };
		AD483560B2C15E41359B6A76 /* ofxSlider.cpp */ = {isa = PBXFileReference; explicitFileType = sourcecode.cpp.cpp; fileEncoding = 30; name = ofxSlider.cpp; path = ../../../Frameworks/OF_OSX/addons/ofxGui/src/ofxSlider.cpp; sourceTree = SOURCE_ROOT; };
		AE57E1A302D929D779778A5B /* ofxSubstract.h */ = {isa = PBXFileReference; explicitFileType = sourcecode.c.h; fileEncoding = 30; name = ofxSubstract.h; path = ../../../Frameworks/OF_OSX/addons/ofxFX/src/operations/ofxSubstract.h; sourceTree = SOURCE_ROOT; };
		B0FEB6B5F63DD7F6288C829B /* ofxGrayscale.h */ = {isa = PBXFileReference; explicitFileType = sourcecode.c.h; fileEncoding = 30; name = ofxGrayscale.h; path = ../../../Frameworks/OF_OSX/addons/ofxFX/src/filters/ofxGrayscale.h; sourceTree = SOURCE_ROOT; };
		B6AC9FE93FDDED53D76D4535 /* ofxDisplacePixels.h */ = {isa = PBXFileReference; explicitFileType = sourcecode.c.h; fileEncoding = 30; name = ofxDisplacePixels.h; path = ../../../Frameworks/OF_OSX/addons/ofxFX/src/operations/ofxDisplacePixels.h; sourceTree = SOURCE_ROOT; };
		B9BC53532E068788E80D41E2 /* ofxBounce.h */ = {isa = PBXFileReference; explicitFileType = sourcecode.c.h; fileEncoding = 30; name = ofxBounce.h; path = ../../../Frameworks/OF_OSX/addons/ofxFX/src/operations/ofxBounce.h; sourceTree = SOURCE_ROOT; };
		BBAB23BE13894E4700AA2426 /* GLUT.framework */ = {isa = PBXFileReference; lastKnownFileType = wrapper.framework; name = GLUT.framework; path = ../../../Frameworks/OF_OSX/libs/glut/lib/osx/GLUT.framework; sourceTree = "<group>"; };
		BC4B7ECBB51FDF1F066391C1 /* ofxLabel.h */ = {isa = PBXFileReference; explicitFileType = sourcecode.c.h; fileEncoding = 30; name = ofxLabel.h; path = ../../../Frameworks/OF_OSX/addons/ofxGui/src/ofxLabel.h; sourceTree = SOURCE_ROOT; };
		BC541A6FA598BA0AEFF713B8 /* ofxEdgeDetect.h */ = {isa = PBXFileReference; explicitFileType = sourcecode.c.h; fileEncoding = 30; name = ofxEdgeDetect.h; path = ../../../Frameworks/OF_OSX/addons/ofxFX/src/operations/ofxEdgeDetect.h; sourceTree = SOURCE_ROOT; };
		CFD53670FD41B130622E5FAD /* ofxToggle.h */ = {isa = PBXFileReference; explicitFileType = sourcecode.c.h; fileEncoding = 30; name = ofxToggle.h; path = ../../../Frameworks/OF_OSX/addons/ofxGui/src/ofxToggle.h; sourceTree = SOURCE_ROOT; };
		D4D02BE9EA721C3754EB73A0 /* ofxGaussianBlur.h */ = {isa = PBXFileReference; explicitFileType = sourcecode.c.h; fileEncoding = 30; name = ofxGaussianBlur.h; path = ../../../Frameworks/OF_OSX/addons/ofxFX/src/filters/ofxGaussianBlur.h; sourceTree = SOURCE_ROOT; };
		D53BBB1A6114E935DC61242E /* ofxToggle.cpp */ = {isa = PBXFileReference; explicitFileType = sourcecode.cpp.cpp; fileEncoding = 30; name = ofxToggle.cpp; path = ../../../Frameworks/OF_OSX/addons/ofxGui/src/ofxToggle.cpp; sourceTree = SOURCE_ROOT; };
		DD4854828427D9D1559DF683 /* ofxChromaGlitch.h */ = {isa = PBXFileReference; explicitFileType = sourcecode.c.h; fileEncoding = 30; name = ofxChromaGlitch.h; path = ../../../Frameworks/OF_OSX/addons/ofxFX/src/filters/ofxChromaGlitch.h; sourceTree = SOURCE_ROOT; };
		DD7B57B5B574B96BD11F1012 /* ofxClone.h */ = {isa = PBXFileReference; explicitFileType = sourcecode.c.h; fileEncoding = 30; name = ofxClone.h; path = ../../../Frameworks/OF_OSX/addons/ofxFX/src/composers/ofxClone.h; sourceTree = SOURCE_ROOT; };
		E130679CE69901A38F1BFE9C /* ofxGui.h */ = {isa = PBXFileReference; explicitFileType = sourcecode.c.h; fileEncoding = 30; name = ofxGui.h; path = ../../../Frameworks/OF_OSX/addons/ofxGui/src/ofxGui.h; sourceTree = SOURCE_ROOT; };
		E1714C7DDAC3CD5A1EAFAD3D /* ofxAVFVideoRenderer.m */ = {isa = PBXFileReference; explicitFileType = sourcecode.cpp.objcpp; fileEncoding = 30; name = ofxAVFVideoRenderer.m; path = ../../../Frameworks/OF_OSX/addons/ofxAVFVideoPlayer/src/ofxAVFVideoRenderer.m; sourceTree = SOURCE_ROOT; };
		E4328143138ABC890047C5CB /* openFrameworksLib.xcodeproj */ = {isa = PBXFileReference; lastKnownFileType = "wrapper.pb-project"; name = openFrameworksLib.xcodeproj; path = ../../../Frameworks/OF_OSX/libs/openFrameworksCompiled/project/osx/openFrameworksLib.xcodeproj; sourceTree = SOURCE_ROOT; };
		E45BE9710E8CC7DD009D7055 /* AGL.framework */ = {isa = PBXFileReference; lastKnownFileType = wrapper.framework; name = AGL.framework; path = /System/Library/Frameworks/AGL.framework; sourceTree = "<absolute>"; };
		E45BE9720E8CC7DD009D7055 /* ApplicationServices.framework */ = {isa = PBXFileReference; lastKnownFileType = wrapper.framework; name = ApplicationServices.framework; path = /System/Library/Frameworks/ApplicationServices.framework; sourceTree = "<absolute>"; };
		E45BE9730E8CC7DD009D7055 /* AudioToolbox.framework */ = {isa = PBXFileReference; lastKnownFileType = wrapper.framework; name = AudioToolbox.framework; path = /System/Library/Frameworks/AudioToolbox.framework; sourceTree = "<absolute>"; };
		E45BE9750E8CC7DD009D7055 /* CoreAudio.framework */ = {isa = PBXFileReference; lastKnownFileType = wrapper.framework; name = CoreAudio.framework; path = /System/Library/Frameworks/CoreAudio.framework; sourceTree = "<absolute>"; };
		E45BE9760E8CC7DD009D7055 /* CoreFoundation.framework */ = {isa = PBXFileReference; lastKnownFileType = wrapper.framework; name = CoreFoundation.framework; path = /System/Library/Frameworks/CoreFoundation.framework; sourceTree = "<absolute>"; };
		E45BE9770E8CC7DD009D7055 /* CoreServices.framework */ = {isa = PBXFileReference; lastKnownFileType = wrapper.framework; name = CoreServices.framework; path = /System/Library/Frameworks/CoreServices.framework; sourceTree = "<absolute>"; };
		E45BE9790E8CC7DD009D7055 /* OpenGL.framework */ = {isa = PBXFileReference; lastKnownFileType = wrapper.framework; name = OpenGL.framework; path = /System/Library/Frameworks/OpenGL.framework; sourceTree = "<absolute>"; };
		E45BE97A0E8CC7DD009D7055 /* QuickTime.framework */ = {isa = PBXFileReference; lastKnownFileType = wrapper.framework; name = QuickTime.framework; path = /System/Library/Frameworks/QuickTime.framework; sourceTree = "<absolute>"; };
		E4B69B5B0A3A1756003C02F2 /* GenerativeVideoMeshDebug.app */ = {isa = PBXFileReference; explicitFileType = wrapper.application; includeInIndex = 0; path = GenerativeVideoMeshDebug.app; sourceTree = BUILT_PRODUCTS_DIR; };
		E4B69E1D0A3A1BDC003C02F2 /* main.cpp */ = {isa = PBXFileReference; fileEncoding = 30; lastKnownFileType = sourcecode.cpp.cpp; name = main.cpp; path = src/main.cpp; sourceTree = SOURCE_ROOT; };
		E4B69E1E0A3A1BDC003C02F2 /* ofApp.cpp */ = {isa = PBXFileReference; explicitFileType = sourcecode.cpp.cpp; fileEncoding = 30; name = ofApp.cpp; path = src/ofApp.cpp; sourceTree = SOURCE_ROOT; };
		E4B69E1F0A3A1BDC003C02F2 /* ofApp.h */ = {isa = PBXFileReference; fileEncoding = 30; lastKnownFileType = sourcecode.c.h; name = ofApp.h; path = src/ofApp.h; sourceTree = SOURCE_ROOT; };
		E4B6FCAD0C3E899E008CF71C /* openFrameworks-Info.plist */ = {isa = PBXFileReference; fileEncoding = 30; lastKnownFileType = text.plist.xml; path = "openFrameworks-Info.plist"; sourceTree = "<group>"; };
		E4C2424410CC5A17004149E2 /* AppKit.framework */ = {isa = PBXFileReference; lastKnownFileType = wrapper.framework; name = AppKit.framework; path = /System/Library/Frameworks/AppKit.framework; sourceTree = "<absolute>"; };
		E4C2424510CC5A17004149E2 /* Cocoa.framework */ = {isa = PBXFileReference; lastKnownFileType = wrapper.framework; name = Cocoa.framework; path = /System/Library/Frameworks/Cocoa.framework; sourceTree = "<absolute>"; };
		E4C2424610CC5A17004149E2 /* IOKit.framework */ = {isa = PBXFileReference; lastKnownFileType = wrapper.framework; name = IOKit.framework; path = /System/Library/Frameworks/IOKit.framework; sourceTree = "<absolute>"; };
		E4EB691F138AFCF100A09F29 /* CoreOF.xcconfig */ = {isa = PBXFileReference; fileEncoding = 4; lastKnownFileType = text.xcconfig; name = CoreOF.xcconfig; path = ../../../Frameworks/OF_OSX/libs/openFrameworksCompiled/project/osx/CoreOF.xcconfig; sourceTree = SOURCE_ROOT; };
		E4EB6923138AFD0F00A09F29 /* Project.xcconfig */ = {isa = PBXFileReference; fileEncoding = 4; lastKnownFileType = text.xcconfig; path = Project.xcconfig; sourceTree = "<group>"; };
		E7E077E415D3B63C0020DFD4 /* CoreVideo.framework */ = {isa = PBXFileReference; lastKnownFileType = wrapper.framework; name = CoreVideo.framework; path = /System/Library/Frameworks/CoreVideo.framework; sourceTree = "<absolute>"; };
		E7E077E715D3B6510020DFD4 /* QTKit.framework */ = {isa = PBXFileReference; lastKnownFileType = wrapper.framework; name = QTKit.framework; path = /System/Library/Frameworks/QTKit.framework; sourceTree = "<absolute>"; };
		E7F985F515E0DE99003869B5 /* Accelerate.framework */ = {isa = PBXFileReference; lastKnownFileType = wrapper.framework; name = Accelerate.framework; path = /System/Library/Frameworks/Accelerate.framework; sourceTree = "<absolute>"; };
		F04AECF6297FA2BABD15172A /* ofxSliderGroup.cpp */ = {isa = PBXFileReference; explicitFileType = sourcecode.cpp.cpp; fileEncoding = 30; name = ofxSliderGroup.cpp; path = ../../../Frameworks/OF_OSX/addons/ofxGui/src/ofxSliderGroup.cpp; sourceTree = SOURCE_ROOT; };
		F305593EB1C7981AE67630B1 /* ofxFXObject.cpp */ = {isa = PBXFileReference; explicitFileType = sourcecode.cpp.cpp; fileEncoding = 30; name = ofxFXObject.cpp; path = ../../../Frameworks/OF_OSX/addons/ofxFX/src/ofxFXObject.cpp; sourceTree = SOURCE_ROOT; };
		F42F28EF452EFE75AE914540 /* ofxThreshold.h */ = {isa = PBXFileReference; explicitFileType = sourcecode.c.h; fileEncoding = 30; name = ofxThreshold.h; path = ../../../Frameworks/OF_OSX/addons/ofxFX/src/operations/ofxThreshold.h; sourceTree = SOURCE_ROOT; };
		F985FC72C18DCD8C61F9DE20 /* ofxAVFVideoRenderer.h */ = {isa = PBXFileReference; explicitFileType = sourcecode.c.h; fileEncoding = 30; name = ofxAVFVideoRenderer.h; path = ../../../Frameworks/OF_OSX/addons/ofxAVFVideoPlayer/src/ofxAVFVideoRenderer.h; sourceTree = SOURCE_ROOT; };
		F9D90D859962221B5D557D67 /* ofxAVFVideoPlayer.h */ = {isa = PBXFileReference; explicitFileType = sourcecode.c.h; fileEncoding = 30; name = ofxAVFVideoPlayer.h; path = ../../../Frameworks/OF_OSX/addons/ofxAVFVideoPlayer/src/ofxAVFVideoPlayer.h; sourceTree = SOURCE_ROOT; };
		FB4FDB4AE456A85D0F97DE76 /* ofxAbsDiff.h */ = {isa = PBXFileReference; explicitFileType = sourcecode.c.h; fileEncoding = 30; name = ofxAbsDiff.h; path = ../../../Frameworks/OF_OSX/addons/ofxFX/src/operations/ofxAbsDiff.h; sourceTree = SOURCE_ROOT; };
/* End PBXFileReference section */

/* Begin PBXFrameworksBuildPhase section */
		E4B69B590A3A1756003C02F2 /* Frameworks */ = {
			isa = PBXFrameworksBuildPhase;
			buildActionMask = 2147483647;
			files = (
				961FCDD71BD6EF16008A3C66 /* AVFoundation.framework in Frameworks */,
				961FCDD51BD6EF0D008A3C66 /* CoreMedia.framework in Frameworks */,
				961FCDD31BD6EF04008A3C66 /* QuartzCore.framework in Frameworks */,
				E7F985F815E0DEA3003869B5 /* Accelerate.framework in Frameworks */,
				E7E077E815D3B6510020DFD4 /* QTKit.framework in Frameworks */,
				E4EB6799138ADC1D00A09F29 /* GLUT.framework in Frameworks */,
				E4328149138ABC9F0047C5CB /* openFrameworksDebug.a in Frameworks */,
				E45BE97B0E8CC7DD009D7055 /* AGL.framework in Frameworks */,
				E45BE97C0E8CC7DD009D7055 /* ApplicationServices.framework in Frameworks */,
				E45BE97D0E8CC7DD009D7055 /* AudioToolbox.framework in Frameworks */,
				E45BE97F0E8CC7DD009D7055 /* CoreAudio.framework in Frameworks */,
				E45BE9800E8CC7DD009D7055 /* CoreFoundation.framework in Frameworks */,
				E45BE9810E8CC7DD009D7055 /* CoreServices.framework in Frameworks */,
				E45BE9830E8CC7DD009D7055 /* OpenGL.framework in Frameworks */,
				96B986D71BD8125400C13270 /* opencv.a in Frameworks */,
				E45BE9840E8CC7DD009D7055 /* QuickTime.framework in Frameworks */,
				E4C2424710CC5A17004149E2 /* AppKit.framework in Frameworks */,
				E4C2424810CC5A17004149E2 /* Cocoa.framework in Frameworks */,
				E4C2424910CC5A17004149E2 /* IOKit.framework in Frameworks */,
				E7E077E515D3B63C0020DFD4 /* CoreVideo.framework in Frameworks */,
			);
			runOnlyForDeploymentPostprocessing = 0;
		};
/* End PBXFrameworksBuildPhase section */

/* Begin PBXGroup section */
		01902DDCFD44B38772AD0C6F /* ofxAVFVideoPlayer */ = {
			isa = PBXGroup;
			children = (
				CB8866D0AA973BD80D125E15 /* src */,
			);
			name = ofxAVFVideoPlayer;
			sourceTree = "<group>";
		};
		37EEAF5BE699F2C7DD676270 /* src */ = {
			isa = PBXGroup;
			children = (
				E7FE87AA9AE5CA7BE8DFA759 /* composers */,
				389FE9FFF8F20EA90A671145 /* filters */,
				C959CBA3130BE8E72D38F769 /* generative */,
				6A6E8A216C5DFF35C2F005A4 /* ofxFX.h */,
				F305593EB1C7981AE67630B1 /* ofxFXObject.cpp */,
				34534D921A2684EA7D43606D /* ofxFXObject.h */,
				7442C4027EC021F77E6E9789 /* ofxSwapBuffer.h */,
				44AC956B7DDEB3EA3AA33B00 /* operations */,
			);
			name = src;
			sourceTree = "<group>";
		};
		389FE9FFF8F20EA90A671145 /* filters */ = {
			isa = PBXGroup;
			children = (
				8F90DECA1F0C7D603B90B421 /* ofxBarrelChromaAb.h */,
				6C8112B0857843827814F056 /* ofxBloom.h */,
				92D785DC8DAAF980EC3F9B7F /* ofxBlur.h */,
				7C1C95E115CF3DA31C9CD4C4 /* ofxBokeh.h */,
				341B17C8A29E219A4E862E0B /* ofxChromaAb.h */,
				DD4854828427D9D1559DF683 /* ofxChromaGlitch.h */,
				6D1664FACC321E7B43B82245 /* ofxContrast.h */,
				D4D02BE9EA721C3754EB73A0 /* ofxGaussianBlur.h */,
				55AC282F8CF3712770EA4F7C /* ofxGlow.h */,
				B0FEB6B5F63DD7F6288C829B /* ofxGrayscale.h */,
				6D0089173CBB9AA979734312 /* ofxInverse.h */,
				7A6B66D49C03BF9C6172EC0F /* ofxLUT.h */,
				7C8BD4BD46CB85490A8085E3 /* ofxMedian.h */,
				9B8076678122B8581AA55C1F /* ofxOldTv.h */,
			);
			name = filters;
			sourceTree = "<group>";
		};
		44AC956B7DDEB3EA3AA33B00 /* operations */ = {
			isa = PBXGroup;
			children = (
				FB4FDB4AE456A85D0F97DE76 /* ofxAbsDiff.h */,
				B9BC53532E068788E80D41E2 /* ofxBounce.h */,
				B6AC9FE93FDDED53D76D4535 /* ofxDisplacePixels.h */,
				BC541A6FA598BA0AEFF713B8 /* ofxEdgeDetect.h */,
				9AA229E45E0E84AB644BC1A9 /* ofxFlow.h */,
				95665F45179AD9E3C371B310 /* ofxNormals.h */,
				04D6F771EB47345ED8CB41A1 /* ofxRipples.h */,
				AE57E1A302D929D779778A5B /* ofxSubstract.h */,
				F42F28EF452EFE75AE914540 /* ofxThreshold.h */,
			);
			name = operations;
			sourceTree = "<group>";
		};
		480A780D8D0308AE4A368801 /* ofxGui */ = {
			isa = PBXGroup;
			children = (
				A763ED608B35AE3310251DEE /* src */,
			);
			name = ofxGui;
			sourceTree = "<group>";
		};
		96B986A01BD8125400C13270 /* ofxCv */ = {
			isa = PBXGroup;
			children = (
				96B986A11BD8125400C13270 /* src */,
				96B986A31BD8125400C13270 /* libs */,
				96B986C91BD8125400C13270 /* opencv.a */,
			);
			name = ofxCv;
			sourceTree = "<group>";
		};
		96B986A11BD8125400C13270 /* src */ = {
			isa = PBXGroup;
			children = (
				96B986A21BD8125400C13270 /* ofxCv.h */,
			);
			name = src;
			path = ../../../Frameworks/OF_OSX/addons/ofxCv/src;
			sourceTree = "<group>";
		};
		96B986A31BD8125400C13270 /* libs */ = {
			isa = PBXGroup;
			children = (
				96B986A41BD8125400C13270 /* .gitignore */,
				96B986A51BD8125400C13270 /* CLD */,
				96B986AF1BD8125400C13270 /* ofxCv */,
			);
			name = libs;
			path = ../../../Frameworks/OF_OSX/addons/ofxCv/libs;
			sourceTree = "<group>";
		};
		96B986A51BD8125400C13270 /* CLD */ = {
			isa = PBXGroup;
			children = (
				96B986A61BD8125400C13270 /* include */,
				96B986AC1BD8125400C13270 /* src */,
			);
			path = CLD;
			sourceTree = "<group>";
		};
		96B986A61BD8125400C13270 /* include */ = {
			isa = PBXGroup;
			children = (
				96B986A71BD8125400C13270 /* CLD */,
			);
			path = include;
			sourceTree = "<group>";
		};
		96B986A71BD8125400C13270 /* CLD */ = {
			isa = PBXGroup;
			children = (
				96B986A81BD8125400C13270 /* ETF.h */,
				96B986A91BD8125400C13270 /* fdog.h */,
				96B986AA1BD8125400C13270 /* imatrix.h */,
				96B986AB1BD8125400C13270 /* myvec.h */,
			);
			path = CLD;
			sourceTree = "<group>";
		};
		96B986AC1BD8125400C13270 /* src */ = {
			isa = PBXGroup;
			children = (
				96B986AD1BD8125400C13270 /* ETF.cpp */,
				96B986AE1BD8125400C13270 /* fdog.cpp */,
			);
			path = src;
			sourceTree = "<group>";
		};
		96B986AF1BD8125400C13270 /* ofxCv */ = {
			isa = PBXGroup;
			children = (
				96B986B01BD8125400C13270 /* include */,
				96B986BD1BD8125400C13270 /* src */,
			);
			path = ofxCv;
			sourceTree = "<group>";
		};
		96B986B01BD8125400C13270 /* include */ = {
			isa = PBXGroup;
			children = (
				96B986B11BD8125400C13270 /* ofxCv */,
			);
			path = include;
			sourceTree = "<group>";
		};
		96B986B11BD8125400C13270 /* ofxCv */ = {
			isa = PBXGroup;
			children = (
				96B986B21BD8125400C13270 /* Calibration.h */,
				96B986B31BD8125400C13270 /* ContourFinder.h */,
				96B986B41BD8125400C13270 /* Distance.h */,
				96B986B51BD8125400C13270 /* Flow.h */,
				96B986B61BD8125400C13270 /* Helpers.h */,
				96B986B71BD8125400C13270 /* Kalman.h */,
				96B986B81BD8125400C13270 /* ObjectFinder.h */,
				96B986B91BD8125400C13270 /* RunningBackground.h */,
				96B986BA1BD8125400C13270 /* Tracker.h */,
				96B986BB1BD8125400C13270 /* Utilities.h */,
				96B986BC1BD8125400C13270 /* Wrappers.h */,
			);
			path = ofxCv;
			sourceTree = "<group>";
		};
		96B986BD1BD8125400C13270 /* src */ = {
			isa = PBXGroup;
			children = (
				96B986BE1BD8125400C13270 /* Calibration.cpp */,
				96B986BF1BD8125400C13270 /* ContourFinder.cpp */,
				96B986C01BD8125400C13270 /* Distance.cpp */,
				96B986C11BD8125400C13270 /* Flow.cpp */,
				96B986C21BD8125400C13270 /* Helpers.cpp */,
				96B986C31BD8125400C13270 /* Kalman.cpp */,
				96B986C41BD8125400C13270 /* ObjectFinder.cpp */,
				96B986C51BD8125400C13270 /* RunningBackground.cpp */,
				96B986C61BD8125400C13270 /* Tracker.cpp */,
				96B986C71BD8125400C13270 /* Utilities.cpp */,
				96B986C81BD8125400C13270 /* Wrappers.cpp */,
			);
			path = src;
			sourceTree = "<group>";
		};
		A763ED608B35AE3310251DEE /* src */ = {
			isa = PBXGroup;
			children = (
				5E1DEEE3ED10BA2BB2A9DD7B /* ofxBaseGui.cpp */,
				8BC75535D7534DDC8F748EBF /* ofxBaseGui.h */,
				6095D7BECDC427FB2329A888 /* ofxButton.cpp */,
				9112AC0AB65D1CEE724AF28A /* ofxButton.h */,
				E130679CE69901A38F1BFE9C /* ofxGui.h */,
				6C7B08F7B86E102C64478A26 /* ofxGuiGroup.cpp */,
				A36EA78F588C801ABE32A9C7 /* ofxGuiGroup.h */,
				0BDECB33CE6C113DC2F86EAD /* ofxLabel.cpp */,
				BC4B7ECBB51FDF1F066391C1 /* ofxLabel.h */,
				2C9CE1801FB39D9EC91E8EF2 /* ofxPanel.cpp */,
				4C9F074DC6F7AA44594E6838 /* ofxPanel.h */,
				AD483560B2C15E41359B6A76 /* ofxSlider.cpp */,
				3B8860CBE312A5C687DA8574 /* ofxSlider.h */,
				F04AECF6297FA2BABD15172A /* ofxSliderGroup.cpp */,
				A27FF790DA26CCFF24EBC5F4 /* ofxSliderGroup.h */,
				D53BBB1A6114E935DC61242E /* ofxToggle.cpp */,
				CFD53670FD41B130622E5FAD /* ofxToggle.h */,
			);
			name = src;
			sourceTree = "<group>";
		};
		BB4B014C10F69532006C3DED /* addons */ = {
			isa = PBXGroup;
			children = (
				480A780D8D0308AE4A368801 /* ofxGui */,
				01902DDCFD44B38772AD0C6F /* ofxAVFVideoPlayer */,
				CABF1A23B637491112B10A00 /* ofxFX */,
				96B986A01BD8125400C13270 /* ofxCv */,
			);
			name = addons;
			sourceTree = "<group>";
		};
		BBAB23C913894ECA00AA2426 /* system frameworks */ = {
			isa = PBXGroup;
			children = (
				961FCDD61BD6EF16008A3C66 /* AVFoundation.framework */,
				961FCDD41BD6EF0D008A3C66 /* CoreMedia.framework */,
				961FCDD21BD6EF04008A3C66 /* QuartzCore.framework */,
				E7F985F515E0DE99003869B5 /* Accelerate.framework */,
				E4C2424410CC5A17004149E2 /* AppKit.framework */,
				E4C2424510CC5A17004149E2 /* Cocoa.framework */,
				E4C2424610CC5A17004149E2 /* IOKit.framework */,
				E45BE9710E8CC7DD009D7055 /* AGL.framework */,
				E45BE9720E8CC7DD009D7055 /* ApplicationServices.framework */,
				E45BE9730E8CC7DD009D7055 /* AudioToolbox.framework */,
				E45BE9750E8CC7DD009D7055 /* CoreAudio.framework */,
				E45BE9760E8CC7DD009D7055 /* CoreFoundation.framework */,
				E45BE9770E8CC7DD009D7055 /* CoreServices.framework */,
				E45BE9790E8CC7DD009D7055 /* OpenGL.framework */,
				E45BE97A0E8CC7DD009D7055 /* QuickTime.framework */,
				E7E077E415D3B63C0020DFD4 /* CoreVideo.framework */,
				E7E077E715D3B6510020DFD4 /* QTKit.framework */,
			);
			name = "system frameworks";
			sourceTree = "<group>";
		};
		BBAB23CA13894EDB00AA2426 /* 3rd party frameworks */ = {
			isa = PBXGroup;
			children = (
				BBAB23BE13894E4700AA2426 /* GLUT.framework */,
			);
			name = "3rd party frameworks";
			sourceTree = "<group>";
		};
		C959CBA3130BE8E72D38F769 /* generative */ = {
			isa = PBXGroup;
			children = (
				1C701BABEF3EA3C66DF9AE3B /* ofxFBM.h */,
				36AFBEEA6CFA178DE082C39B /* ofxFire.h */,
				79682E3777479BDF4C3EDB23 /* ofxGrayScott.h */,
				1F8C3E380B2E3912B8159BAB /* ofxNoise.h */,
				9108BE977AAE4243A5A6E97C /* ofxTint.h */,
			);
			name = generative;
			sourceTree = "<group>";
		};
		CABF1A23B637491112B10A00 /* ofxFX */ = {
			isa = PBXGroup;
			children = (
				37EEAF5BE699F2C7DD676270 /* src */,
			);
			name = ofxFX;
			sourceTree = "<group>";
		};
		CB8866D0AA973BD80D125E15 /* src */ = {
			isa = PBXGroup;
			children = (
				F9D90D859962221B5D557D67 /* ofxAVFVideoPlayer.h */,
				2EFB1207A79E63C4CF6B5EB5 /* ofxAVFVideoPlayer.mm */,
				F985FC72C18DCD8C61F9DE20 /* ofxAVFVideoRenderer.h */,
				E1714C7DDAC3CD5A1EAFAD3D /* ofxAVFVideoRenderer.m */,
			);
			name = src;
			sourceTree = "<group>";
		};
		E4328144138ABC890047C5CB /* Products */ = {
			isa = PBXGroup;
			children = (
				E4328148138ABC890047C5CB /* openFrameworksDebug.a */,
			);
			name = Products;
			sourceTree = "<group>";
		};
		E45BE5980E8CC70C009D7055 /* frameworks */ = {
			isa = PBXGroup;
			children = (
				BBAB23CA13894EDB00AA2426 /* 3rd party frameworks */,
				BBAB23C913894ECA00AA2426 /* system frameworks */,
			);
			name = frameworks;
			sourceTree = "<group>";
		};
		E4B69B4A0A3A1720003C02F2 = {
			isa = PBXGroup;
			children = (
				E4B6FCAD0C3E899E008CF71C /* openFrameworks-Info.plist */,
				E4EB6923138AFD0F00A09F29 /* Project.xcconfig */,
				96212ACB1BE19F3800B73B2A /* shaders */,
				E4B69E1C0A3A1BDC003C02F2 /* src */,
				E4EEC9E9138DF44700A80321 /* openFrameworks */,
				BB4B014C10F69532006C3DED /* addons */,
				E45BE5980E8CC70C009D7055 /* frameworks */,
				E4B69B5B0A3A1756003C02F2 /* GenerativeVideoMeshDebug.app */,
			);
			sourceTree = "<group>";
		};
		E4B69E1C0A3A1BDC003C02F2 /* src */ = {
			isa = PBXGroup;
			children = (
				E4B69E1D0A3A1BDC003C02F2 /* main.cpp */,
				E4B69E1E0A3A1BDC003C02F2 /* ofApp.cpp */,
				E4B69E1F0A3A1BDC003C02F2 /* ofApp.h */,
			);
			path = src;
			sourceTree = SOURCE_ROOT;
		};
		E4EEC9E9138DF44700A80321 /* openFrameworks */ = {
			isa = PBXGroup;
			children = (
				E4EB691F138AFCF100A09F29 /* CoreOF.xcconfig */,
				E4328143138ABC890047C5CB /* openFrameworksLib.xcodeproj */,
			);
			name = openFrameworks;
			sourceTree = "<group>";
		};
		E7FE87AA9AE5CA7BE8DFA759 /* composers */ = {
			isa = PBXGroup;
			children = (
				35642E9AC6D0C294B28B3400 /* ofxBlend.h */,
				DD7B57B5B574B96BD11F1012 /* ofxClone.h */,
				54223521F73E086D9F844BE3 /* ofxMask.h */,
				5190759596098248611E55CE /* ofxMultiTexture.h */,
			);
			name = composers;
			sourceTree = "<group>";
		};
/* End PBXGroup section */

/* Begin PBXNativeTarget section */
		E4B69B5A0A3A1756003C02F2 /* GenerativeVideoMesh */ = {
			isa = PBXNativeTarget;
			buildConfigurationList = E4B69B5F0A3A1757003C02F2 /* Build configuration list for PBXNativeTarget "GenerativeVideoMesh" */;
			buildPhases = (
				E4B69B580A3A1756003C02F2 /* Sources */,
				E4B69B590A3A1756003C02F2 /* Frameworks */,
				E4B6FFFD0C3F9AB9008CF71C /* ShellScript */,
				E4C2427710CC5ABF004149E2 /* CopyFiles */,
			);
			buildRules = (
			);
			dependencies = (
				E4EEB9AC138B136A00A80321 /* PBXTargetDependency */,
			);
			name = GenerativeVideoMesh;
			productName = myOFApp;
			productReference = E4B69B5B0A3A1756003C02F2 /* GenerativeVideoMeshDebug.app */;
			productType = "com.apple.product-type.application";
		};
/* End PBXNativeTarget section */

/* Begin PBXProject section */
		E4B69B4C0A3A1720003C02F2 /* Project object */ = {
			isa = PBXProject;
			attributes = {
				LastUpgradeCheck = 0700;
			};
			buildConfigurationList = E4B69B4D0A3A1720003C02F2 /* Build configuration list for PBXProject "GenerativeVideoMesh" */;
			compatibilityVersion = "Xcode 3.2";
			developmentRegion = English;
			hasScannedForEncodings = 0;
			knownRegions = (
				English,
				Japanese,
				French,
				German,
			);
			mainGroup = E4B69B4A0A3A1720003C02F2;
			productRefGroup = E4B69B4A0A3A1720003C02F2;
			projectDirPath = "";
			projectReferences = (
				{
					ProductGroup = E4328144138ABC890047C5CB /* Products */;
					ProjectRef = E4328143138ABC890047C5CB /* openFrameworksLib.xcodeproj */;
				},
			);
			projectRoot = "";
			targets = (
				E4B69B5A0A3A1756003C02F2 /* GenerativeVideoMesh */,
			);
		};
/* End PBXProject section */

/* Begin PBXReferenceProxy section */
		E4328148138ABC890047C5CB /* openFrameworksDebug.a */ = {
			isa = PBXReferenceProxy;
			fileType = archive.ar;
			path = openFrameworksDebug.a;
			remoteRef = E4328147138ABC890047C5CB /* PBXContainerItemProxy */;
			sourceTree = BUILT_PRODUCTS_DIR;
		};
/* End PBXReferenceProxy section */

/* Begin PBXShellScriptBuildPhase section */
		E4B6FFFD0C3F9AB9008CF71C /* ShellScript */ = {
			isa = PBXShellScriptBuildPhase;
			buildActionMask = 2147483647;
			files = (
			);
			inputPaths = (
			);
			outputPaths = (
			);
			runOnlyForDeploymentPostprocessing = 0;
			shellPath = /bin/sh;
			shellScript = "cp -f ../../../Frameworks/OF_OSX/libs/fmodex/lib/osx/libfmodex.dylib \"$TARGET_BUILD_DIR/$PRODUCT_NAME.app/Contents/MacOS/libfmodex.dylib\"; install_name_tool -change ./libfmodex.dylib @executable_path/libfmodex.dylib \"$TARGET_BUILD_DIR/$PRODUCT_NAME.app/Contents/MacOS/$PRODUCT_NAME\";\nmkdir -p \"$TARGET_BUILD_DIR/$PRODUCT_NAME.app/Contents/Resources/\"\ncp -f \"$ICON_FILE\" \"$TARGET_BUILD_DIR/$PRODUCT_NAME.app/Contents/Resources/\"\n";
		};
/* End PBXShellScriptBuildPhase section */

/* Begin PBXSourcesBuildPhase section */
		E4B69B580A3A1756003C02F2 /* Sources */ = {
			isa = PBXSourcesBuildPhase;
			buildActionMask = 2147483647;
			files = (
				E4B69E200A3A1BDC003C02F2 /* main.cpp in Sources */,
				E4B69E210A3A1BDC003C02F2 /* ofApp.cpp in Sources */,
				E3CEC2511A24D41B4D8B50BA /* ofxBaseGui.cpp in Sources */,
				96B986D01BD8125400C13270 /* Helpers.cpp in Sources */,
				3C576F3C2EB0C9D898F14B25 /* ofxButton.cpp in Sources */,
				2E45B1DAD0E5D156304FB3E5 /* ofxGuiGroup.cpp in Sources */,
				069F786A7ACD5876F0D08936 /* ofxLabel.cpp in Sources */,
				B411A86836995E106258BFA5 /* ofxPanel.cpp in Sources */,
				96B986D41BD8125400C13270 /* Tracker.cpp in Sources */,
				92CED5F9607D9992C96F4BA6 /* ofxSlider.cpp in Sources */,
				96B986CC1BD8125400C13270 /* Calibration.cpp in Sources */,
				96B986D21BD8125400C13270 /* ObjectFinder.cpp in Sources */,
				96B986CB1BD8125400C13270 /* fdog.cpp in Sources */,
				96B986CD1BD8125400C13270 /* ContourFinder.cpp in Sources */,
				96B986CF1BD8125400C13270 /* Flow.cpp in Sources */,
				96B986D61BD8125400C13270 /* Wrappers.cpp in Sources */,
				67530C290718EC5B65342F59 /* ofxSliderGroup.cpp in Sources */,
				B65B1884DD371A238EC7635B /* ofxToggle.cpp in Sources */,
				A99A35EE9A8C183C8A40DC63 /* ofxAVFVideoPlayer.mm in Sources */,
				96B986CA1BD8125400C13270 /* ETF.cpp in Sources */,
				96B986D51BD8125400C13270 /* Utilities.cpp in Sources */,
				96B986D31BD8125400C13270 /* RunningBackground.cpp in Sources */,
				8C1DD267474CE50AC9E48885 /* ofxAVFVideoRenderer.m in Sources */,
				96B986CE1BD8125400C13270 /* Distance.cpp in Sources */,
				96B986D11BD8125400C13270 /* Kalman.cpp in Sources */,
				3991636BB5AFE15D057C851E /* ofxFXObject.cpp in Sources */,
			);
			runOnlyForDeploymentPostprocessing = 0;
		};
/* End PBXSourcesBuildPhase section */

/* Begin PBXTargetDependency section */
		E4EEB9AC138B136A00A80321 /* PBXTargetDependency */ = {
			isa = PBXTargetDependency;
			name = openFrameworks;
			targetProxy = E4EEB9AB138B136A00A80321 /* PBXContainerItemProxy */;
		};
/* End PBXTargetDependency section */

/* Begin XCBuildConfiguration section */
		E4B69B4E0A3A1720003C02F2 /* Debug */ = {
			isa = XCBuildConfiguration;
			baseConfigurationReference = E4EB6923138AFD0F00A09F29 /* Project.xcconfig */;
			buildSettings = {
				ARCHS = "$(ARCHS_STANDARD_32_64_BIT)";
				CONFIGURATION_BUILD_DIR = "$(SRCROOT)/bin/";
				COPY_PHASE_STRIP = NO;
				DEAD_CODE_STRIPPING = YES;
				ENABLE_TESTABILITY = YES;
				GCC_AUTO_VECTORIZATION = YES;
				GCC_ENABLE_SSE3_EXTENSIONS = YES;
				GCC_ENABLE_SUPPLEMENTAL_SSE3_INSTRUCTIONS = YES;
				GCC_INLINES_ARE_PRIVATE_EXTERN = NO;
				GCC_OPTIMIZATION_LEVEL = 0;
				GCC_SYMBOLS_PRIVATE_EXTERN = NO;
				GCC_WARN_ABOUT_DEPRECATED_FUNCTIONS = YES;
				GCC_WARN_ABOUT_INVALID_OFFSETOF_MACRO = NO;
				GCC_WARN_ALLOW_INCOMPLETE_PROTOCOL = NO;
				GCC_WARN_UNINITIALIZED_AUTOS = NO;
				GCC_WARN_UNUSED_VALUE = NO;
				GCC_WARN_UNUSED_VARIABLE = NO;
				HEADER_SEARCH_PATHS = (
					"$(OF_CORE_HEADERS)",
					../../../Frameworks/OF_OSX/addons/ofxGui/libs,
					../../../Frameworks/OF_OSX/addons/ofxGui/src,
					../../../Frameworks/OF_OSX/addons/ofxAVFVideoPlayer/libs,
					../../../Frameworks/OF_OSX/addons/ofxAVFVideoPlayer/src,
					../../../Frameworks/OF_OSX/addons/ofxCv/libs,
					../../../Frameworks/OF_OSX/addons/ofxCv/libs/CLD,
					../../../Frameworks/OF_OSX/addons/ofxCv/libs/CLD/include,
					../../../Frameworks/OF_OSX/addons/ofxCv/libs/CLD/include/CLD,
					../../../Frameworks/OF_OSX/addons/ofxCv/libs/CLD/src,
					../../../Frameworks/OF_OSX/addons/ofxCv/libs/ofxCv,
					../../../Frameworks/OF_OSX/addons/ofxCv/libs/ofxCv/include,
					../../../Frameworks/OF_OSX/addons/ofxCv/libs/ofxCv/include/ofxCv,
					../../../Frameworks/OF_OSX/addons/ofxCv/libs/ofxCv/src,
					../../../Frameworks/OF_OSX/addons/ofxCv/src,
					../../../Frameworks/OF_OSX/addons/ofxFX/libs,
					../../../Frameworks/OF_OSX/addons/ofxFX/src,
					../../../Frameworks/OF_OSX/addons/ofxFX/src/composers,
					../../../Frameworks/OF_OSX/addons/ofxFX/src/filters,
					../../../Frameworks/OF_OSX/addons/ofxFX/src/generative,
					../../../Frameworks/OF_OSX/addons/ofxFX/src/operations,
					src,
				);
				MACOSX_DEPLOYMENT_TARGET = 10.6;
				ONLY_ACTIVE_ARCH = YES;
				OTHER_CPLUSPLUSFLAGS = (
					"-D__MACOSX_CORE__",
					"-lpthread",
					"-mtune=native",
				);
				SDKROOT = macosx;
			};
			name = Debug;
		};
		E4B69B4F0A3A1720003C02F2 /* Release */ = {
			isa = XCBuildConfiguration;
			baseConfigurationReference = E4EB6923138AFD0F00A09F29 /* Project.xcconfig */;
			buildSettings = {
				ARCHS = "$(ARCHS_STANDARD_32_64_BIT)";
				CONFIGURATION_BUILD_DIR = "$(SRCROOT)/bin/";
				COPY_PHASE_STRIP = YES;
				DEAD_CODE_STRIPPING = YES;
				GCC_AUTO_VECTORIZATION = YES;
				GCC_ENABLE_SSE3_EXTENSIONS = YES;
				GCC_ENABLE_SUPPLEMENTAL_SSE3_INSTRUCTIONS = YES;
				GCC_INLINES_ARE_PRIVATE_EXTERN = NO;
				GCC_OPTIMIZATION_LEVEL = 3;
				GCC_SYMBOLS_PRIVATE_EXTERN = NO;
				GCC_UNROLL_LOOPS = YES;
				GCC_WARN_ABOUT_DEPRECATED_FUNCTIONS = YES;
				GCC_WARN_ABOUT_INVALID_OFFSETOF_MACRO = NO;
				GCC_WARN_ALLOW_INCOMPLETE_PROTOCOL = NO;
				GCC_WARN_UNINITIALIZED_AUTOS = NO;
				GCC_WARN_UNUSED_VALUE = NO;
				GCC_WARN_UNUSED_VARIABLE = NO;
				HEADER_SEARCH_PATHS = (
					"$(OF_CORE_HEADERS)",
					../../../Frameworks/OF_OSX/addons/ofxGui/libs,
					../../../Frameworks/OF_OSX/addons/ofxGui/src,
					../../../Frameworks/OF_OSX/addons/ofxAVFVideoPlayer/libs,
					../../../Frameworks/OF_OSX/addons/ofxAVFVideoPlayer/src,
					../../../Frameworks/OF_OSX/addons/ofxCv/libs,
					../../../Frameworks/OF_OSX/addons/ofxCv/libs/CLD,
					../../../Frameworks/OF_OSX/addons/ofxCv/libs/CLD/include,
					../../../Frameworks/OF_OSX/addons/ofxCv/libs/CLD/include/CLD,
					../../../Frameworks/OF_OSX/addons/ofxCv/libs/CLD/src,
					../../../Frameworks/OF_OSX/addons/ofxCv/libs/ofxCv,
					../../../Frameworks/OF_OSX/addons/ofxCv/libs/ofxCv/include,
					../../../Frameworks/OF_OSX/addons/ofxCv/libs/ofxCv/include/ofxCv,
					../../../Frameworks/OF_OSX/addons/ofxCv/libs/ofxCv/src,
					../../../Frameworks/OF_OSX/addons/ofxCv/src,
					../../../Frameworks/OF_OSX/addons/ofxFX/libs,
					../../../Frameworks/OF_OSX/addons/ofxFX/src,
					../../../Frameworks/OF_OSX/addons/ofxFX/src/composers,
					../../../Frameworks/OF_OSX/addons/ofxFX/src/filters,
					../../../Frameworks/OF_OSX/addons/ofxFX/src/generative,
					../../../Frameworks/OF_OSX/addons/ofxFX/src/operations,
					src,
				);
				MACOSX_DEPLOYMENT_TARGET = 10.6;
				OTHER_CPLUSPLUSFLAGS = (
					"-D__MACOSX_CORE__",
					"-lpthread",
					"-mtune=native",
				);
				SDKROOT = macosx;
			};
			name = Release;
		};
		E4B69B600A3A1757003C02F2 /* Debug */ = {
			isa = XCBuildConfiguration;
			buildSettings = {
				COMBINE_HIDPI_IMAGES = YES;
				COPY_PHASE_STRIP = NO;
				FRAMEWORK_SEARCH_PATHS = (
					"$(inherited)",
					"$(FRAMEWORK_SEARCH_PATHS_QUOTED_FOR_TARGET_1)",
				);
				FRAMEWORK_SEARCH_PATHS_QUOTED_FOR_TARGET_1 = "\"$(SRCROOT)/../../../Frameworks/OF_OSX/libs/glut/lib/osx\"";
				GCC_DYNAMIC_NO_PIC = NO;
				GCC_GENERATE_DEBUGGING_SYMBOLS = YES;
				GCC_MODEL_TUNING = NONE;
				ICON = "$(ICON_NAME_DEBUG)";
				ICON_FILE = "$(ICON_FILE_PATH)$(ICON)";
				INFOPLIST_FILE = "openFrameworks-Info.plist";
				INSTALL_PATH = "$(HOME)/Applications";
				LIBRARY_SEARCH_PATHS = (
					"$(inherited)",
					"$(LIBRARY_SEARCH_PATHS_QUOTED_FOR_TARGET_1)",
					"$(LIBRARY_SEARCH_PATHS_QUOTED_FOR_TARGET_2)",
					"$(LIBRARY_SEARCH_PATHS_QUOTED_FOR_TARGET_3)",
					"$(LIBRARY_SEARCH_PATHS_QUOTED_FOR_TARGET_4)",
					"$(LIBRARY_SEARCH_PATHS_QUOTED_FOR_TARGET_5)",
					"$(LIBRARY_SEARCH_PATHS_QUOTED_FOR_TARGET_6)",
					"$(LIBRARY_SEARCH_PATHS_QUOTED_FOR_TARGET_7)",
					"$(LIBRARY_SEARCH_PATHS_QUOTED_FOR_TARGET_8)",
					"$(LIBRARY_SEARCH_PATHS_QUOTED_FOR_TARGET_9)",
					"$(LIBRARY_SEARCH_PATHS_QUOTED_FOR_TARGET_10)",
					"$(LIBRARY_SEARCH_PATHS_QUOTED_FOR_TARGET_11)",
					"$(LIBRARY_SEARCH_PATHS_QUOTED_FOR_TARGET_12)",
					"$(LIBRARY_SEARCH_PATHS_QUOTED_FOR_TARGET_13)",
					"$(LIBRARY_SEARCH_PATHS_QUOTED_FOR_TARGET_14)",
					"$(LIBRARY_SEARCH_PATHS_QUOTED_FOR_TARGET_15)",
					"$(LIBRARY_SEARCH_PATHS_QUOTED_FOR_TARGET_2)",
					"$(LIBRARY_SEARCH_PATHS_QUOTED_FOR_TARGET_3)",
					"$(LIBRARY_SEARCH_PATHS_QUOTED_FOR_TARGET_7)",
					"$(LIBRARY_SEARCH_PATHS_QUOTED_FOR_TARGET_8)",
					"$(LIBRARY_SEARCH_PATHS_QUOTED_FOR_TARGET_9)",
					"$(LIBRARY_SEARCH_PATHS_QUOTED_FOR_TARGET_10)",
					"$(LIBRARY_SEARCH_PATHS_QUOTED_FOR_TARGET_11)",
					"$(LIBRARY_SEARCH_PATHS_QUOTED_FOR_TARGET_12)",
					"$(LIBRARY_SEARCH_PATHS_QUOTED_FOR_TARGET_13)",
					"$(LIBRARY_SEARCH_PATHS_QUOTED_FOR_TARGET_16)",
					"$(LIBRARY_SEARCH_PATHS_QUOTED_FOR_TARGET_17)",
					"$(LIBRARY_SEARCH_PATHS_QUOTED_FOR_TARGET_18)",
					"$(LIBRARY_SEARCH_PATHS_QUOTED_FOR_TARGET_19)",
					"$(LIBRARY_SEARCH_PATHS_QUOTED_FOR_TARGET_20)",
					"$(LIBRARY_SEARCH_PATHS_QUOTED_FOR_TARGET_21)",
					"$(LIBRARY_SEARCH_PATHS_QUOTED_FOR_TARGET_22)",
					"$(LIBRARY_SEARCH_PATHS_QUOTED_FOR_TARGET_23)",
					"$(LIBRARY_SEARCH_PATHS_QUOTED_FOR_TARGET_24)",
					"$(LIBRARY_SEARCH_PATHS_QUOTED_FOR_TARGET_25)",
					"$(LIBRARY_SEARCH_PATHS_QUOTED_FOR_TARGET_26)",
					"$(LIBRARY_SEARCH_PATHS_QUOTED_FOR_TARGET_27)",
					"$(LIBRARY_SEARCH_PATHS_QUOTED_FOR_TARGET_28)",
					"$(LIBRARY_SEARCH_PATHS_QUOTED_FOR_TARGET_29)",
					"$(LIBRARY_SEARCH_PATHS_QUOTED_FOR_TARGET_30)",
					"$(LIBRARY_SEARCH_PATHS_QUOTED_FOR_TARGET_31)",
					"$(LIBRARY_SEARCH_PATHS_QUOTED_FOR_TARGET_32)",
					"$(LIBRARY_SEARCH_PATHS_QUOTED_FOR_TARGET_33)",
					"$(LIBRARY_SEARCH_PATHS_QUOTED_FOR_TARGET_34)",
					"$(LIBRARY_SEARCH_PATHS_QUOTED_FOR_TARGET_35)",
					"$(LIBRARY_SEARCH_PATHS_QUOTED_FOR_TARGET_36)",
					"$(LIBRARY_SEARCH_PATHS_QUOTED_FOR_TARGET_37)",
					"$(LIBRARY_SEARCH_PATHS_QUOTED_FOR_TARGET_38)",
					"$(LIBRARY_SEARCH_PATHS_QUOTED_FOR_TARGET_39)",
					"$(LIBRARY_SEARCH_PATHS_QUOTED_FOR_TARGET_40)",
					"$(LIBRARY_SEARCH_PATHS_QUOTED_FOR_TARGET_41)",
					"$(LIBRARY_SEARCH_PATHS_QUOTED_FOR_TARGET_42)",
					"$(LIBRARY_SEARCH_PATHS_QUOTED_FOR_TARGET_43)",
					"$(LIBRARY_SEARCH_PATHS_QUOTED_FOR_TARGET_44)",
					"$(LIBRARY_SEARCH_PATHS_QUOTED_FOR_TARGET_45)",
					"$(LIBRARY_SEARCH_PATHS_QUOTED_FOR_TARGET_46)",
					"$(LIBRARY_SEARCH_PATHS_QUOTED_FOR_TARGET_47)",
					"$(LIBRARY_SEARCH_PATHS_QUOTED_FOR_TARGET_48)",
					"$(LIBRARY_SEARCH_PATHS_QUOTED_FOR_TARGET_49)",
					"$(LIBRARY_SEARCH_PATHS_QUOTED_FOR_TARGET_50)",
					"$(LIBRARY_SEARCH_PATHS_QUOTED_FOR_TARGET_51)",
					"$(LIBRARY_SEARCH_PATHS_QUOTED_FOR_TARGET_52)",
				);
				PRODUCT_BUNDLE_IDENTIFIER = cc.openFrameworks.ofapp;
				PRODUCT_NAME = "$(TARGET_NAME)Debug";
				USER_HEADER_SEARCH_PATHS = "../../../Frameworks/OF_OSX/addons/ofxCv/libs/CLD/include/ ../../../Frameworks/OF_OSX/addons/ofxCv/libs/ofxCv/include/ ../../../Frameworks/OF_OSX/addons/ofxCv/../ofxOpenCv/libs/opencv/include";
				WRAPPER_EXTENSION = app;
			};
			name = Debug;
		};
		E4B69B610A3A1757003C02F2 /* Release */ = {
			isa = XCBuildConfiguration;
			buildSettings = {
				COMBINE_HIDPI_IMAGES = YES;
				COPY_PHASE_STRIP = YES;
				FRAMEWORK_SEARCH_PATHS = (
					"$(inherited)",
					"$(FRAMEWORK_SEARCH_PATHS_QUOTED_FOR_TARGET_1)",
				);
				FRAMEWORK_SEARCH_PATHS_QUOTED_FOR_TARGET_1 = "\"$(SRCROOT)/../../../Frameworks/OF_OSX/libs/glut/lib/osx\"";
				GCC_GENERATE_DEBUGGING_SYMBOLS = YES;
				GCC_MODEL_TUNING = NONE;
				ICON = "$(ICON_NAME_RELEASE)";
				ICON_FILE = "$(ICON_FILE_PATH)$(ICON)";
				INFOPLIST_FILE = "openFrameworks-Info.plist";
				INSTALL_PATH = "$(HOME)/Applications";
				LIBRARY_SEARCH_PATHS = (
					"$(inherited)",
					"$(LIBRARY_SEARCH_PATHS_QUOTED_FOR_TARGET_1)",
					"$(LIBRARY_SEARCH_PATHS_QUOTED_FOR_TARGET_2)",
					"$(LIBRARY_SEARCH_PATHS_QUOTED_FOR_TARGET_3)",
					"$(LIBRARY_SEARCH_PATHS_QUOTED_FOR_TARGET_4)",
					"$(LIBRARY_SEARCH_PATHS_QUOTED_FOR_TARGET_5)",
					"$(LIBRARY_SEARCH_PATHS_QUOTED_FOR_TARGET_6)",
					"$(LIBRARY_SEARCH_PATHS_QUOTED_FOR_TARGET_7)",
					"$(LIBRARY_SEARCH_PATHS_QUOTED_FOR_TARGET_8)",
					"$(LIBRARY_SEARCH_PATHS_QUOTED_FOR_TARGET_9)",
					"$(LIBRARY_SEARCH_PATHS_QUOTED_FOR_TARGET_10)",
					"$(LIBRARY_SEARCH_PATHS_QUOTED_FOR_TARGET_11)",
					"$(LIBRARY_SEARCH_PATHS_QUOTED_FOR_TARGET_12)",
					"$(LIBRARY_SEARCH_PATHS_QUOTED_FOR_TARGET_13)",
					"$(LIBRARY_SEARCH_PATHS_QUOTED_FOR_TARGET_14)",
					"$(LIBRARY_SEARCH_PATHS_QUOTED_FOR_TARGET_15)",
					"$(LIBRARY_SEARCH_PATHS_QUOTED_FOR_TARGET_2)",
					"$(LIBRARY_SEARCH_PATHS_QUOTED_1)",
					"$(LIBRARY_SEARCH_PATHS_QUOTED_FOR_TARGET_3)",
					"$(LIBRARY_SEARCH_PATHS_QUOTED_FOR_TARGET_7)",
					"$(LIBRARY_SEARCH_PATHS_QUOTED_FOR_TARGET_8)",
					"$(LIBRARY_SEARCH_PATHS_QUOTED_FOR_TARGET_9)",
					"$(LIBRARY_SEARCH_PATHS_QUOTED_FOR_TARGET_10)",
					"$(LIBRARY_SEARCH_PATHS_QUOTED_FOR_TARGET_11)",
					"$(LIBRARY_SEARCH_PATHS_QUOTED_FOR_TARGET_12)",
					"$(LIBRARY_SEARCH_PATHS_QUOTED_FOR_TARGET_13)",
					"$(LIBRARY_SEARCH_PATHS_QUOTED_FOR_TARGET_16)",
					"$(LIBRARY_SEARCH_PATHS_QUOTED_FOR_TARGET_17)",
					"$(LIBRARY_SEARCH_PATHS_QUOTED_FOR_TARGET_18)",
					"$(LIBRARY_SEARCH_PATHS_QUOTED_FOR_TARGET_19)",
					"$(LIBRARY_SEARCH_PATHS_QUOTED_FOR_TARGET_20)",
					"$(LIBRARY_SEARCH_PATHS_QUOTED_FOR_TARGET_21)",
					"$(LIBRARY_SEARCH_PATHS_QUOTED_FOR_TARGET_22)",
					"$(LIBRARY_SEARCH_PATHS_QUOTED_FOR_TARGET_23)",
					"$(LIBRARY_SEARCH_PATHS_QUOTED_FOR_TARGET_24)",
					"$(LIBRARY_SEARCH_PATHS_QUOTED_FOR_TARGET_25)",
					"$(LIBRARY_SEARCH_PATHS_QUOTED_FOR_TARGET_26)",
					"$(LIBRARY_SEARCH_PATHS_QUOTED_FOR_TARGET_27)",
					"$(LIBRARY_SEARCH_PATHS_QUOTED_FOR_TARGET_28)",
					"$(LIBRARY_SEARCH_PATHS_QUOTED_FOR_TARGET_29)",
					"$(LIBRARY_SEARCH_PATHS_QUOTED_FOR_TARGET_30)",
					"$(LIBRARY_SEARCH_PATHS_QUOTED_FOR_TARGET_31)",
					"$(LIBRARY_SEARCH_PATHS_QUOTED_FOR_TARGET_32)",
					"$(LIBRARY_SEARCH_PATHS_QUOTED_FOR_TARGET_33)",
					"$(LIBRARY_SEARCH_PATHS_QUOTED_FOR_TARGET_34)",
					"$(LIBRARY_SEARCH_PATHS_QUOTED_FOR_TARGET_35)",
					"$(LIBRARY_SEARCH_PATHS_QUOTED_FOR_TARGET_36)",
					"$(LIBRARY_SEARCH_PATHS_QUOTED_FOR_TARGET_37)",
					"$(LIBRARY_SEARCH_PATHS_QUOTED_FOR_TARGET_38)",
					"$(LIBRARY_SEARCH_PATHS_QUOTED_FOR_TARGET_39)",
					"$(LIBRARY_SEARCH_PATHS_QUOTED_FOR_TARGET_40)",
					"$(LIBRARY_SEARCH_PATHS_QUOTED_FOR_TARGET_41)",
					"$(LIBRARY_SEARCH_PATHS_QUOTED_FOR_TARGET_42)",
					"$(LIBRARY_SEARCH_PATHS_QUOTED_FOR_TARGET_43)",
					"$(LIBRARY_SEARCH_PATHS_QUOTED_FOR_TARGET_44)",
					"$(LIBRARY_SEARCH_PATHS_QUOTED_FOR_TARGET_45)",
					"$(LIBRARY_SEARCH_PATHS_QUOTED_FOR_TARGET_46)",
					"$(LIBRARY_SEARCH_PATHS_QUOTED_FOR_TARGET_47)",
					"$(LIBRARY_SEARCH_PATHS_QUOTED_FOR_TARGET_48)",
					"$(LIBRARY_SEARCH_PATHS_QUOTED_FOR_TARGET_49)",
					"$(LIBRARY_SEARCH_PATHS_QUOTED_FOR_TARGET_50)",
					"$(LIBRARY_SEARCH_PATHS_QUOTED_FOR_TARGET_51)",
				);
				PRODUCT_BUNDLE_IDENTIFIER = cc.openFrameworks.ofapp;
				PRODUCT_NAME = "$(TARGET_NAME)";
				USER_HEADER_SEARCH_PATHS = "../../../Frameworks/OF_OSX/addons/ofxCv/libs/CLD/include/ ../../../Frameworks/OF_OSX/addons/ofxCv/libs/ofxCv/include/ ../../../Frameworks/OF_OSX/addons/ofxCv/../ofxOpenCv/libs/opencv/include";
				WRAPPER_EXTENSION = app;
			};
			name = Release;
		};
/* End XCBuildConfiguration section */

/* Begin XCConfigurationList section */
		E4B69B4D0A3A1720003C02F2 /* Build configuration list for PBXProject "GenerativeVideoMesh" */ = {
			isa = XCConfigurationList;
			buildConfigurations = (
				E4B69B4E0A3A1720003C02F2 /* Debug */,
				E4B69B4F0A3A1720003C02F2 /* Release */,
			);
			defaultConfigurationIsVisible = 0;
			defaultConfigurationName = Release;
		};
		E4B69B5F0A3A1757003C02F2 /* Build configuration list for PBXNativeTarget "GenerativeVideoMesh" */ = {
			isa = XCConfigurationList;
			buildConfigurations = (
				E4B69B600A3A1757003C02F2 /* Debug */,
				E4B69B610A3A1757003C02F2 /* Release */,
			);
			defaultConfigurationIsVisible = 0;
			defaultConfigurationName = Release;
		};
/* End XCConfigurationList section */
	};
	rootObject = E4B69B4C0A3A1720003C02F2 /* Project object */;
}
