<?xml version="1.0"?>
<plist version="1.0">
	<dict>
		<key>archiveVersion</key>
		<string>1</string>
		<key>classes</key>
		<dict />
		<key>objectVersion</key>
		<string>46</string>
		<key>objects</key>
		<dict>
			<key>CCDC6F9CCF925CC402160B85</key>
			<dict>
				<key>children</key>
				<array>
					<string>1B36E238AA08D27E6956C36B</string>
				</array>
				<key>isa</key>
				<string>PBXGroup</string>
				<key>name</key>
				<string>src</string>
				<key>sourceTree</key>
				<string>&lt;group&gt;</string>
			</dict>
			<key>C963A84B20D03980EAE83B08</key>
			<dict>
				<key>fileRef</key>
				<string>1B36E238AA08D27E6956C36B</string>
				<key>isa</key>
				<string>PBXBuildFile</string>
			</dict>
			<key>1B36E238AA08D27E6956C36B</key>
			<dict>
				<key>explicitFileType</key>
				<string>sourcecode.cpp.cpp</string>
				<key>fileEncoding</key>
				<string>30</string>
				<key>isa</key>
				<string>PBXFileReference</string>
				<key>name</key>
				<string>jsoncpp.cpp</string>
				<key>path</key>
				<string>../../../Frameworks/OF_OSX/addons/ofxJSON/libs/jsoncpp/src/jsoncpp.cpp</string>
				<key>sourceTree</key>
				<string>SOURCE_ROOT</string>
			</dict>
			<key>418DD297E8F72169873E2286</key>
			<dict>
				<key>explicitFileType</key>
				<string>sourcecode.c.h</string>
				<key>fileEncoding</key>
				<string>30</string>
				<key>isa</key>
				<string>PBXFileReference</string>
				<key>name</key>
				<string>json.h</string>
				<key>path</key>
				<string>../../../Frameworks/OF_OSX/addons/ofxJSON/libs/jsoncpp/include/json/json.h</string>
				<key>sourceTree</key>
				<string>SOURCE_ROOT</string>
			</dict>
			<key>58AD3BD71B781D9BC25763C8</key>
			<dict>
				<key>children</key>
				<array>
					<string>17C16DD5DBD3AF84D8CE9D93</string>
					<string>418DD297E8F72169873E2286</string>
				</array>
				<key>isa</key>
				<string>PBXGroup</string>
				<key>name</key>
				<string>json</string>
				<key>sourceTree</key>
				<string>&lt;group&gt;</string>
			</dict>
			<key>D486FC87F063317BB47E9FAC</key>
			<dict>
				<key>children</key>
				<array>
					<string>58AD3BD71B781D9BC25763C8</string>
				</array>
				<key>isa</key>
				<string>PBXGroup</string>
				<key>name</key>
				<string>include</string>
				<key>sourceTree</key>
				<string>&lt;group&gt;</string>
			</dict>
			<key>977A836DD2C489CCC5E330FF</key>
			<dict>
				<key>children</key>
				<array>
					<string>D486FC87F063317BB47E9FAC</string>
					<string>CCDC6F9CCF925CC402160B85</string>
				</array>
				<key>isa</key>
				<string>PBXGroup</string>
				<key>name</key>
				<string>jsoncpp</string>
				<key>sourceTree</key>
				<string>&lt;group&gt;</string>
			</dict>
			<key>F40E80CB2D443CBA9581DD03</key>
			<dict>
				<key>children</key>
				<array>
					<string>977A836DD2C489CCC5E330FF</string>
				</array>
				<key>isa</key>
				<string>PBXGroup</string>
				<key>name</key>
				<string>libs</string>
				<key>sourceTree</key>
				<string>&lt;group&gt;</string>
			</dict>
			<key>17C16DD5DBD3AF84D8CE9D93</key>
			<dict>
				<key>explicitFileType</key>
				<string>sourcecode.c.h</string>
				<key>fileEncoding</key>
				<string>30</string>
				<key>isa</key>
				<string>PBXFileReference</string>
				<key>name</key>
				<string>json-forwards.h</string>
				<key>path</key>
				<string>../../../Frameworks/OF_OSX/addons/ofxJSON/libs/jsoncpp/include/json/json-forwards.h</string>
				<key>sourceTree</key>
				<string>SOURCE_ROOT</string>
			</dict>
			<key>46E45639FF82D87F26DE32AD</key>
			<dict>
				<key>explicitFileType</key>
				<string>sourcecode.c.h</string>
				<key>fileEncoding</key>
				<string>30</string>
				<key>isa</key>
				<string>PBXFileReference</string>
				<key>name</key>
				<string>ofxJSONElement.h</string>
				<key>path</key>
				<string>../../../Frameworks/OF_OSX/addons/ofxJSON/src/ofxJSONElement.h</string>
				<key>sourceTree</key>
				<string>SOURCE_ROOT</string>
			</dict>
			<key>2142C0F6F54F7BB6C039E852</key>
			<dict>
				<key>fileRef</key>
				<string>9F0133BFA50921DDC6744713</string>
				<key>isa</key>
				<string>PBXBuildFile</string>
			</dict>
			<key>9F0133BFA50921DDC6744713</key>
			<dict>
				<key>explicitFileType</key>
				<string>sourcecode.cpp.cpp</string>
				<key>fileEncoding</key>
				<string>30</string>
				<key>isa</key>
				<string>PBXFileReference</string>
				<key>name</key>
				<string>ofxJSONElement.cpp</string>
				<key>path</key>
				<string>../../../Frameworks/OF_OSX/addons/ofxJSON/src/ofxJSONElement.cpp</string>
				<key>sourceTree</key>
				<string>SOURCE_ROOT</string>
			</dict>
			<key>292AF6148769654D0DF26018</key>
			<dict>
				<key>children</key>
				<array>
					<string>D3F3A8E66EEF0501A0785ADB</string>
					<string>9F0133BFA50921DDC6744713</string>
					<string>46E45639FF82D87F26DE32AD</string>
				</array>
				<key>isa</key>
				<string>PBXGroup</string>
				<key>name</key>
				<string>src</string>
				<key>sourceTree</key>
				<string>&lt;group&gt;</string>
			</dict>
			<key>2865DAEF86B1907A704CA70B</key>
			<dict>
				<key>children</key>
				<array>
					<string>292AF6148769654D0DF26018</string>
					<string>F40E80CB2D443CBA9581DD03</string>
				</array>
				<key>isa</key>
				<string>PBXGroup</string>
				<key>name</key>
				<string>ofxJSON</string>
				<key>sourceTree</key>
				<string>&lt;group&gt;</string>
			</dict>
			<key>D3F3A8E66EEF0501A0785ADB</key>
			<dict>
				<key>explicitFileType</key>
				<string>sourcecode.c.h</string>
				<key>fileEncoding</key>
				<string>30</string>
				<key>isa</key>
				<string>PBXFileReference</string>
				<key>name</key>
				<string>ofxJSON.h</string>
				<key>path</key>
				<string>../../../Frameworks/OF_OSX/addons/ofxJSON/src/ofxJSON.h</string>
				<key>sourceTree</key>
				<string>SOURCE_ROOT</string>
			</dict>
			<key>CFD53670FD41B130622E5FAD</key>
			<dict>
				<key>explicitFileType</key>
				<string>sourcecode.c.h</string>
				<key>fileEncoding</key>
				<string>30</string>
				<key>isa</key>
				<string>PBXFileReference</string>
				<key>name</key>
				<string>ofxToggle.h</string>
				<key>path</key>
				<string>../../../Frameworks/OF_OSX/addons/ofxGui/src/ofxToggle.h</string>
				<key>sourceTree</key>
				<string>SOURCE_ROOT</string>
			</dict>
			<key>B65B1884DD371A238EC7635B</key>
			<dict>
				<key>fileRef</key>
				<string>D53BBB1A6114E935DC61242E</string>
				<key>isa</key>
				<string>PBXBuildFile</string>
			</dict>
			<key>D53BBB1A6114E935DC61242E</key>
			<dict>
				<key>explicitFileType</key>
				<string>sourcecode.cpp.cpp</string>
				<key>fileEncoding</key>
				<string>30</string>
				<key>isa</key>
				<string>PBXFileReference</string>
				<key>name</key>
				<string>ofxToggle.cpp</string>
				<key>path</key>
				<string>../../../Frameworks/OF_OSX/addons/ofxGui/src/ofxToggle.cpp</string>
				<key>sourceTree</key>
				<string>SOURCE_ROOT</string>
			</dict>
			<key>A27FF790DA26CCFF24EBC5F4</key>
			<dict>
				<key>explicitFileType</key>
				<string>sourcecode.c.h</string>
				<key>fileEncoding</key>
				<string>30</string>
				<key>isa</key>
				<string>PBXFileReference</string>
				<key>name</key>
				<string>ofxSliderGroup.h</string>
				<key>path</key>
				<string>../../../Frameworks/OF_OSX/addons/ofxGui/src/ofxSliderGroup.h</string>
				<key>sourceTree</key>
				<string>SOURCE_ROOT</string>
			</dict>
			<key>67530C290718EC5B65342F59</key>
			<dict>
				<key>fileRef</key>
				<string>F04AECF6297FA2BABD15172A</string>
				<key>isa</key>
				<string>PBXBuildFile</string>
			</dict>
			<key>F04AECF6297FA2BABD15172A</key>
			<dict>
				<key>explicitFileType</key>
				<string>sourcecode.cpp.cpp</string>
				<key>fileEncoding</key>
				<string>30</string>
				<key>isa</key>
				<string>PBXFileReference</string>
				<key>name</key>
				<string>ofxSliderGroup.cpp</string>
				<key>path</key>
				<string>../../../Frameworks/OF_OSX/addons/ofxGui/src/ofxSliderGroup.cpp</string>
				<key>sourceTree</key>
				<string>SOURCE_ROOT</string>
			</dict>
			<key>3B8860CBE312A5C687DA8574</key>
			<dict>
				<key>explicitFileType</key>
				<string>sourcecode.c.h</string>
				<key>fileEncoding</key>
				<string>30</string>
				<key>isa</key>
				<string>PBXFileReference</string>
				<key>name</key>
				<string>ofxSlider.h</string>
				<key>path</key>
				<string>../../../Frameworks/OF_OSX/addons/ofxGui/src/ofxSlider.h</string>
				<key>sourceTree</key>
				<string>SOURCE_ROOT</string>
			</dict>
			<key>92CED5F9607D9992C96F4BA6</key>
			<dict>
				<key>fileRef</key>
				<string>AD483560B2C15E41359B6A76</string>
				<key>isa</key>
				<string>PBXBuildFile</string>
			</dict>
			<key>AD483560B2C15E41359B6A76</key>
			<dict>
				<key>explicitFileType</key>
				<string>sourcecode.cpp.cpp</string>
				<key>fileEncoding</key>
				<string>30</string>
				<key>isa</key>
				<string>PBXFileReference</string>
				<key>name</key>
				<string>ofxSlider.cpp</string>
				<key>path</key>
				<string>../../../Frameworks/OF_OSX/addons/ofxGui/src/ofxSlider.cpp</string>
				<key>sourceTree</key>
				<string>SOURCE_ROOT</string>
			</dict>
			<key>4C9F074DC6F7AA44594E6838</key>
			<dict>
				<key>explicitFileType</key>
				<string>sourcecode.c.h</string>
				<key>fileEncoding</key>
				<string>30</string>
				<key>isa</key>
				<string>PBXFileReference</string>
				<key>name</key>
				<string>ofxPanel.h</string>
				<key>path</key>
				<string>../../../Frameworks/OF_OSX/addons/ofxGui/src/ofxPanel.h</string>
				<key>sourceTree</key>
				<string>SOURCE_ROOT</string>
			</dict>
			<key>B411A86836995E106258BFA5</key>
			<dict>
				<key>fileRef</key>
				<string>2C9CE1801FB39D9EC91E8EF2</string>
				<key>isa</key>
				<string>PBXBuildFile</string>
			</dict>
			<key>2C9CE1801FB39D9EC91E8EF2</key>
			<dict>
				<key>explicitFileType</key>
				<string>sourcecode.cpp.cpp</string>
				<key>fileEncoding</key>
				<string>30</string>
				<key>isa</key>
				<string>PBXFileReference</string>
				<key>name</key>
				<string>ofxPanel.cpp</string>
				<key>path</key>
				<string>../../../Frameworks/OF_OSX/addons/ofxGui/src/ofxPanel.cpp</string>
				<key>sourceTree</key>
				<string>SOURCE_ROOT</string>
			</dict>
			<key>BC4B7ECBB51FDF1F066391C1</key>
			<dict>
				<key>explicitFileType</key>
				<string>sourcecode.c.h</string>
				<key>fileEncoding</key>
				<string>30</string>
				<key>isa</key>
				<string>PBXFileReference</string>
				<key>name</key>
				<string>ofxLabel.h</string>
				<key>path</key>
				<string>../../../Frameworks/OF_OSX/addons/ofxGui/src/ofxLabel.h</string>
				<key>sourceTree</key>
				<string>SOURCE_ROOT</string>
			</dict>
			<key>069F786A7ACD5876F0D08936</key>
			<dict>
				<key>fileRef</key>
				<string>0BDECB33CE6C113DC2F86EAD</string>
				<key>isa</key>
				<string>PBXBuildFile</string>
			</dict>
			<key>0BDECB33CE6C113DC2F86EAD</key>
			<dict>
				<key>explicitFileType</key>
				<string>sourcecode.cpp.cpp</string>
				<key>fileEncoding</key>
				<string>30</string>
				<key>isa</key>
				<string>PBXFileReference</string>
				<key>name</key>
				<string>ofxLabel.cpp</string>
				<key>path</key>
				<string>../../../Frameworks/OF_OSX/addons/ofxGui/src/ofxLabel.cpp</string>
				<key>sourceTree</key>
				<string>SOURCE_ROOT</string>
			</dict>
			<key>A36EA78F588C801ABE32A9C7</key>
			<dict>
				<key>explicitFileType</key>
				<string>sourcecode.c.h</string>
				<key>fileEncoding</key>
				<string>30</string>
				<key>isa</key>
				<string>PBXFileReference</string>
				<key>name</key>
				<string>ofxGuiGroup.h</string>
				<key>path</key>
				<string>../../../Frameworks/OF_OSX/addons/ofxGui/src/ofxGuiGroup.h</string>
				<key>sourceTree</key>
				<string>SOURCE_ROOT</string>
			</dict>
			<key>2E45B1DAD0E5D156304FB3E5</key>
			<dict>
				<key>fileRef</key>
				<string>6C7B08F7B86E102C64478A26</string>
				<key>isa</key>
				<string>PBXBuildFile</string>
			</dict>
			<key>6C7B08F7B86E102C64478A26</key>
			<dict>
				<key>explicitFileType</key>
				<string>sourcecode.cpp.cpp</string>
				<key>fileEncoding</key>
				<string>30</string>
				<key>isa</key>
				<string>PBXFileReference</string>
				<key>name</key>
				<string>ofxGuiGroup.cpp</string>
				<key>path</key>
				<string>../../../Frameworks/OF_OSX/addons/ofxGui/src/ofxGuiGroup.cpp</string>
				<key>sourceTree</key>
				<string>SOURCE_ROOT</string>
			</dict>
			<key>E130679CE69901A38F1BFE9C</key>
			<dict>
				<key>explicitFileType</key>
				<string>sourcecode.c.h</string>
				<key>fileEncoding</key>
				<string>30</string>
				<key>isa</key>
				<string>PBXFileReference</string>
				<key>name</key>
				<string>ofxGui.h</string>
				<key>path</key>
				<string>../../../Frameworks/OF_OSX/addons/ofxGui/src/ofxGui.h</string>
				<key>sourceTree</key>
				<string>SOURCE_ROOT</string>
			</dict>
			<key>9112AC0AB65D1CEE724AF28A</key>
			<dict>
				<key>explicitFileType</key>
				<string>sourcecode.c.h</string>
				<key>fileEncoding</key>
				<string>30</string>
				<key>isa</key>
				<string>PBXFileReference</string>
				<key>name</key>
				<string>ofxButton.h</string>
				<key>path</key>
				<string>../../../Frameworks/OF_OSX/addons/ofxGui/src/ofxButton.h</string>
				<key>sourceTree</key>
				<string>SOURCE_ROOT</string>
			</dict>
			<key>3C576F3C2EB0C9D898F14B25</key>
			<dict>
				<key>fileRef</key>
				<string>6095D7BECDC427FB2329A888</string>
				<key>isa</key>
				<string>PBXBuildFile</string>
			</dict>
			<key>6095D7BECDC427FB2329A888</key>
			<dict>
				<key>explicitFileType</key>
				<string>sourcecode.cpp.cpp</string>
				<key>fileEncoding</key>
				<string>30</string>
				<key>isa</key>
				<string>PBXFileReference</string>
				<key>name</key>
				<string>ofxButton.cpp</string>
				<key>path</key>
				<string>../../../Frameworks/OF_OSX/addons/ofxGui/src/ofxButton.cpp</string>
				<key>sourceTree</key>
				<string>SOURCE_ROOT</string>
			</dict>
			<key>8BC75535D7534DDC8F748EBF</key>
			<dict>
				<key>explicitFileType</key>
				<string>sourcecode.c.h</string>
				<key>fileEncoding</key>
				<string>30</string>
				<key>isa</key>
				<string>PBXFileReference</string>
				<key>name</key>
				<string>ofxBaseGui.h</string>
				<key>path</key>
				<string>../../../Frameworks/OF_OSX/addons/ofxGui/src/ofxBaseGui.h</string>
				<key>sourceTree</key>
				<string>SOURCE_ROOT</string>
			</dict>
			<key>A763ED608B35AE3310251DEE</key>
			<dict>
				<key>children</key>
				<array>
					<string>5E1DEEE3ED10BA2BB2A9DD7B</string>
					<string>8BC75535D7534DDC8F748EBF</string>
					<string>6095D7BECDC427FB2329A888</string>
					<string>9112AC0AB65D1CEE724AF28A</string>
					<string>E130679CE69901A38F1BFE9C</string>
					<string>6C7B08F7B86E102C64478A26</string>
					<string>A36EA78F588C801ABE32A9C7</string>
					<string>0BDECB33CE6C113DC2F86EAD</string>
					<string>BC4B7ECBB51FDF1F066391C1</string>
					<string>2C9CE1801FB39D9EC91E8EF2</string>
					<string>4C9F074DC6F7AA44594E6838</string>
					<string>AD483560B2C15E41359B6A76</string>
					<string>3B8860CBE312A5C687DA8574</string>
					<string>F04AECF6297FA2BABD15172A</string>
					<string>A27FF790DA26CCFF24EBC5F4</string>
					<string>D53BBB1A6114E935DC61242E</string>
					<string>CFD53670FD41B130622E5FAD</string>
				</array>
				<key>isa</key>
				<string>PBXGroup</string>
				<key>name</key>
				<string>src</string>
				<key>sourceTree</key>
				<string>&lt;group&gt;</string>
			</dict>
			<key>480A780D8D0308AE4A368801</key>
			<dict>
				<key>children</key>
				<array>
					<string>A763ED608B35AE3310251DEE</string>
				</array>
				<key>isa</key>
				<string>PBXGroup</string>
				<key>name</key>
				<string>ofxGui</string>
				<key>sourceTree</key>
				<string>&lt;group&gt;</string>
			</dict>
			<key>E3CEC2511A24D41B4D8B50BA</key>
			<dict>
				<key>fileRef</key>
				<string>5E1DEEE3ED10BA2BB2A9DD7B</string>
				<key>isa</key>
				<string>PBXBuildFile</string>
			</dict>
			<key>5E1DEEE3ED10BA2BB2A9DD7B</key>
			<dict>
				<key>explicitFileType</key>
				<string>sourcecode.cpp.cpp</string>
				<key>fileEncoding</key>
				<string>30</string>
				<key>isa</key>
				<string>PBXFileReference</string>
				<key>name</key>
				<string>ofxBaseGui.cpp</string>
				<key>path</key>
				<string>../../../Frameworks/OF_OSX/addons/ofxGui/src/ofxBaseGui.cpp</string>
				<key>sourceTree</key>
				<string>SOURCE_ROOT</string>
			</dict>
			<key>A0C55F71F64D49DE795653AE</key>
			<dict>
				<key>fileRef</key>
				<string>F1F0833D64C01D3201ED55E8</string>
				<key>isa</key>
				<string>PBXBuildFile</string>
			</dict>
			<key>F1F0833D64C01D3201ED55E8</key>
			<dict>
				<key>explicitFileType</key>
				<string>sourcecode.cpp.cpp</string>
				<key>fileEncoding</key>
				<string>30</string>
				<key>isa</key>
				<string>PBXFileReference</string>
				<key>name</key>
				<string>Wrappers.cpp</string>
				<key>path</key>
				<string>../../../Frameworks/OF_OSX/addons/ofxCv/libs/ofxCv/src/Wrappers.cpp</string>
				<key>sourceTree</key>
				<string>SOURCE_ROOT</string>
			</dict>
			<key>EF6E174E1B38D44FC892E02E</key>
			<dict>
				<key>fileRef</key>
				<string>1451698CE7CD52434B7732EB</string>
				<key>isa</key>
				<string>PBXBuildFile</string>
			</dict>
			<key>1451698CE7CD52434B7732EB</key>
			<dict>
				<key>explicitFileType</key>
				<string>sourcecode.cpp.cpp</string>
				<key>fileEncoding</key>
				<string>30</string>
				<key>isa</key>
				<string>PBXFileReference</string>
				<key>name</key>
				<string>Utilities.cpp</string>
				<key>path</key>
				<string>../../../Frameworks/OF_OSX/addons/ofxCv/libs/ofxCv/src/Utilities.cpp</string>
				<key>sourceTree</key>
				<string>SOURCE_ROOT</string>
			</dict>
			<key>D34EAB9256DC43F66167DDD0</key>
			<dict>
				<key>fileRef</key>
				<string>F24BD188B50175E2F099F3D4</string>
				<key>isa</key>
				<string>PBXBuildFile</string>
			</dict>
			<key>F24BD188B50175E2F099F3D4</key>
			<dict>
				<key>explicitFileType</key>
				<string>sourcecode.cpp.cpp</string>
				<key>fileEncoding</key>
				<string>30</string>
				<key>isa</key>
				<string>PBXFileReference</string>
				<key>name</key>
				<string>Tracker.cpp</string>
				<key>path</key>
				<string>../../../Frameworks/OF_OSX/addons/ofxCv/libs/ofxCv/src/Tracker.cpp</string>
				<key>sourceTree</key>
				<string>SOURCE_ROOT</string>
			</dict>
			<key>A5CB995D78F94BCF8C00C86A</key>
			<dict>
				<key>fileRef</key>
				<string>F62E3A027CA003300A50969B</string>
				<key>isa</key>
				<string>PBXBuildFile</string>
			</dict>
			<key>F62E3A027CA003300A50969B</key>
			<dict>
				<key>explicitFileType</key>
				<string>sourcecode.cpp.cpp</string>
				<key>fileEncoding</key>
				<string>30</string>
				<key>isa</key>
				<string>PBXFileReference</string>
				<key>name</key>
				<string>RunningBackground.cpp</string>
				<key>path</key>
				<string>../../../Frameworks/OF_OSX/addons/ofxCv/libs/ofxCv/src/RunningBackground.cpp</string>
				<key>sourceTree</key>
				<string>SOURCE_ROOT</string>
			</dict>
			<key>AEC6E56A0DB1ECCA7595A138</key>
			<dict>
				<key>fileRef</key>
				<string>7C6DCB588FE6571C29ABC2E8</string>
				<key>isa</key>
				<string>PBXBuildFile</string>
			</dict>
			<key>7C6DCB588FE6571C29ABC2E8</key>
			<dict>
				<key>explicitFileType</key>
				<string>sourcecode.cpp.cpp</string>
				<key>fileEncoding</key>
				<string>30</string>
				<key>isa</key>
				<string>PBXFileReference</string>
				<key>name</key>
				<string>ObjectFinder.cpp</string>
				<key>path</key>
				<string>../../../Frameworks/OF_OSX/addons/ofxCv/libs/ofxCv/src/ObjectFinder.cpp</string>
				<key>sourceTree</key>
				<string>SOURCE_ROOT</string>
			</dict>
			<key>23C95CC7901929312A839767</key>
			<dict>
				<key>fileRef</key>
				<string>0C0D56A2AA8F6C11CCE46BFC</string>
				<key>isa</key>
				<string>PBXBuildFile</string>
			</dict>
			<key>0C0D56A2AA8F6C11CCE46BFC</key>
			<dict>
				<key>explicitFileType</key>
				<string>sourcecode.cpp.cpp</string>
				<key>fileEncoding</key>
				<string>30</string>
				<key>isa</key>
				<string>PBXFileReference</string>
				<key>name</key>
				<string>Kalman.cpp</string>
				<key>path</key>
				<string>../../../Frameworks/OF_OSX/addons/ofxCv/libs/ofxCv/src/Kalman.cpp</string>
				<key>sourceTree</key>
				<string>SOURCE_ROOT</string>
			</dict>
			<key>C512FFB1BB80F4BAC45B5BDD</key>
			<dict>
				<key>fileRef</key>
				<string>07EA3DD59B30DABFC17106A2</string>
				<key>isa</key>
				<string>PBXBuildFile</string>
			</dict>
			<key>07EA3DD59B30DABFC17106A2</key>
			<dict>
				<key>explicitFileType</key>
				<string>sourcecode.cpp.cpp</string>
				<key>fileEncoding</key>
				<string>30</string>
				<key>isa</key>
				<string>PBXFileReference</string>
				<key>name</key>
				<string>Helpers.cpp</string>
				<key>path</key>
				<string>../../../Frameworks/OF_OSX/addons/ofxCv/libs/ofxCv/src/Helpers.cpp</string>
				<key>sourceTree</key>
				<string>SOURCE_ROOT</string>
			</dict>
			<key>C0AB95005E63596E1CD93BBA</key>
			<dict>
				<key>fileRef</key>
				<string>AF846D10AC602143F5A9A058</string>
				<key>isa</key>
				<string>PBXBuildFile</string>
			</dict>
			<key>AF846D10AC602143F5A9A058</key>
			<dict>
				<key>explicitFileType</key>
				<string>sourcecode.cpp.cpp</string>
				<key>fileEncoding</key>
				<string>30</string>
				<key>isa</key>
				<string>PBXFileReference</string>
				<key>name</key>
				<string>Flow.cpp</string>
				<key>path</key>
				<string>../../../Frameworks/OF_OSX/addons/ofxCv/libs/ofxCv/src/Flow.cpp</string>
				<key>sourceTree</key>
				<string>SOURCE_ROOT</string>
			</dict>
			<key>62FE956F4C0353571BC85662</key>
			<dict>
				<key>fileRef</key>
				<string>A98D9A14E910337AD5521DEE</string>
				<key>isa</key>
				<string>PBXBuildFile</string>
			</dict>
			<key>A98D9A14E910337AD5521DEE</key>
			<dict>
				<key>explicitFileType</key>
				<string>sourcecode.cpp.cpp</string>
				<key>fileEncoding</key>
				<string>30</string>
				<key>isa</key>
				<string>PBXFileReference</string>
				<key>name</key>
				<string>Distance.cpp</string>
				<key>path</key>
				<string>../../../Frameworks/OF_OSX/addons/ofxCv/libs/ofxCv/src/Distance.cpp</string>
				<key>sourceTree</key>
				<string>SOURCE_ROOT</string>
			</dict>
			<key>44F5B0E099E7637089308C55</key>
			<dict>
				<key>fileRef</key>
				<string>95002DB8276EC770485045E0</string>
				<key>isa</key>
				<string>PBXBuildFile</string>
			</dict>
			<key>95002DB8276EC770485045E0</key>
			<dict>
				<key>explicitFileType</key>
				<string>sourcecode.cpp.cpp</string>
				<key>fileEncoding</key>
				<string>30</string>
				<key>isa</key>
				<string>PBXFileReference</string>
				<key>name</key>
				<string>ContourFinder.cpp</string>
				<key>path</key>
				<string>../../../Frameworks/OF_OSX/addons/ofxCv/libs/ofxCv/src/ContourFinder.cpp</string>
				<key>sourceTree</key>
				<string>SOURCE_ROOT</string>
			</dict>
			<key>D240A1DD1AE9F8E81BDBCD2B</key>
			<dict>
				<key>children</key>
				<array>
					<string>CEBAFBED95872639DEEC51DA</string>
					<string>95002DB8276EC770485045E0</string>
					<string>A98D9A14E910337AD5521DEE</string>
					<string>AF846D10AC602143F5A9A058</string>
					<string>07EA3DD59B30DABFC17106A2</string>
					<string>0C0D56A2AA8F6C11CCE46BFC</string>
					<string>7C6DCB588FE6571C29ABC2E8</string>
					<string>F62E3A027CA003300A50969B</string>
					<string>F24BD188B50175E2F099F3D4</string>
					<string>1451698CE7CD52434B7732EB</string>
					<string>F1F0833D64C01D3201ED55E8</string>
				</array>
				<key>isa</key>
				<string>PBXGroup</string>
				<key>name</key>
				<string>src</string>
				<key>sourceTree</key>
				<string>&lt;group&gt;</string>
			</dict>
			<key>B31F4C6594B2CA00CED674FB</key>
			<dict>
				<key>fileRef</key>
				<string>CEBAFBED95872639DEEC51DA</string>
				<key>isa</key>
				<string>PBXBuildFile</string>
			</dict>
			<key>CEBAFBED95872639DEEC51DA</key>
			<dict>
				<key>explicitFileType</key>
				<string>sourcecode.cpp.cpp</string>
				<key>fileEncoding</key>
				<string>30</string>
				<key>isa</key>
				<string>PBXFileReference</string>
				<key>name</key>
				<string>Calibration.cpp</string>
				<key>path</key>
				<string>../../../Frameworks/OF_OSX/addons/ofxCv/libs/ofxCv/src/Calibration.cpp</string>
				<key>sourceTree</key>
				<string>SOURCE_ROOT</string>
			</dict>
			<key>6044D81B71E7BF4220F70288</key>
			<dict>
				<key>explicitFileType</key>
				<string>sourcecode.c.h</string>
				<key>fileEncoding</key>
				<string>30</string>
				<key>isa</key>
				<string>PBXFileReference</string>
				<key>name</key>
				<string>Wrappers.h</string>
				<key>path</key>
				<string>../../../Frameworks/OF_OSX/addons/ofxCv/libs/ofxCv/include/ofxCv/Wrappers.h</string>
				<key>sourceTree</key>
				<string>SOURCE_ROOT</string>
			</dict>
			<key>27580A5D34B0D5E1CC60B876</key>
			<dict>
				<key>explicitFileType</key>
				<string>sourcecode.c.h</string>
				<key>fileEncoding</key>
				<string>30</string>
				<key>isa</key>
				<string>PBXFileReference</string>
				<key>name</key>
				<string>Utilities.h</string>
				<key>path</key>
				<string>../../../Frameworks/OF_OSX/addons/ofxCv/libs/ofxCv/include/ofxCv/Utilities.h</string>
				<key>sourceTree</key>
				<string>SOURCE_ROOT</string>
			</dict>
			<key>E8BA4FF03A86A9156B540B69</key>
			<dict>
				<key>explicitFileType</key>
				<string>sourcecode.c.h</string>
				<key>fileEncoding</key>
				<string>30</string>
				<key>isa</key>
				<string>PBXFileReference</string>
				<key>name</key>
				<string>Tracker.h</string>
				<key>path</key>
				<string>../../../Frameworks/OF_OSX/addons/ofxCv/libs/ofxCv/include/ofxCv/Tracker.h</string>
				<key>sourceTree</key>
				<string>SOURCE_ROOT</string>
			</dict>
			<key>997F5C0954EED7A500943A22</key>
			<dict>
				<key>explicitFileType</key>
				<string>sourcecode.c.h</string>
				<key>fileEncoding</key>
				<string>30</string>
				<key>isa</key>
				<string>PBXFileReference</string>
				<key>name</key>
				<string>RunningBackground.h</string>
				<key>path</key>
				<string>../../../Frameworks/OF_OSX/addons/ofxCv/libs/ofxCv/include/ofxCv/RunningBackground.h</string>
				<key>sourceTree</key>
				<string>SOURCE_ROOT</string>
			</dict>
			<key>396E824A54C80F250DF83E0C</key>
			<dict>
				<key>explicitFileType</key>
				<string>sourcecode.c.h</string>
				<key>fileEncoding</key>
				<string>30</string>
				<key>isa</key>
				<string>PBXFileReference</string>
				<key>name</key>
				<string>ObjectFinder.h</string>
				<key>path</key>
				<string>../../../Frameworks/OF_OSX/addons/ofxCv/libs/ofxCv/include/ofxCv/ObjectFinder.h</string>
				<key>sourceTree</key>
				<string>SOURCE_ROOT</string>
			</dict>
			<key>2CA09626D134AFF148357145</key>
			<dict>
				<key>explicitFileType</key>
				<string>sourcecode.c.h</string>
				<key>fileEncoding</key>
				<string>30</string>
				<key>isa</key>
				<string>PBXFileReference</string>
				<key>name</key>
				<string>Kalman.h</string>
				<key>path</key>
				<string>../../../Frameworks/OF_OSX/addons/ofxCv/libs/ofxCv/include/ofxCv/Kalman.h</string>
				<key>sourceTree</key>
				<string>SOURCE_ROOT</string>
			</dict>
			<key>643EFBAC72C79AFB048CE4D8</key>
			<dict>
				<key>explicitFileType</key>
				<string>sourcecode.c.h</string>
				<key>fileEncoding</key>
				<string>30</string>
				<key>isa</key>
				<string>PBXFileReference</string>
				<key>name</key>
				<string>Helpers.h</string>
				<key>path</key>
				<string>../../../Frameworks/OF_OSX/addons/ofxCv/libs/ofxCv/include/ofxCv/Helpers.h</string>
				<key>sourceTree</key>
				<string>SOURCE_ROOT</string>
			</dict>
			<key>FCA8C6FED79F62F6224503F5</key>
			<dict>
				<key>explicitFileType</key>
				<string>sourcecode.c.h</string>
				<key>fileEncoding</key>
				<string>30</string>
				<key>isa</key>
				<string>PBXFileReference</string>
				<key>name</key>
				<string>Flow.h</string>
				<key>path</key>
				<string>../../../Frameworks/OF_OSX/addons/ofxCv/libs/ofxCv/include/ofxCv/Flow.h</string>
				<key>sourceTree</key>
				<string>SOURCE_ROOT</string>
			</dict>
			<key>18BC4635BF5F409C800CBC12</key>
			<dict>
				<key>explicitFileType</key>
				<string>sourcecode.c.h</string>
				<key>fileEncoding</key>
				<string>30</string>
				<key>isa</key>
				<string>PBXFileReference</string>
				<key>name</key>
				<string>Distance.h</string>
				<key>path</key>
				<string>../../../Frameworks/OF_OSX/addons/ofxCv/libs/ofxCv/include/ofxCv/Distance.h</string>
				<key>sourceTree</key>
				<string>SOURCE_ROOT</string>
			</dict>
			<key>72C6B766383D3AB0248789D3</key>
			<dict>
				<key>explicitFileType</key>
				<string>sourcecode.c.h</string>
				<key>fileEncoding</key>
				<string>30</string>
				<key>isa</key>
				<string>PBXFileReference</string>
				<key>name</key>
				<string>ContourFinder.h</string>
				<key>path</key>
				<string>../../../Frameworks/OF_OSX/addons/ofxCv/libs/ofxCv/include/ofxCv/ContourFinder.h</string>
				<key>sourceTree</key>
				<string>SOURCE_ROOT</string>
			</dict>
			<key>4EB038C7DF921AA8A4070286</key>
			<dict>
				<key>children</key>
				<array>
					<string>414220F9C26F26BF41CC1C18</string>
					<string>72C6B766383D3AB0248789D3</string>
					<string>18BC4635BF5F409C800CBC12</string>
					<string>FCA8C6FED79F62F6224503F5</string>
					<string>643EFBAC72C79AFB048CE4D8</string>
					<string>2CA09626D134AFF148357145</string>
					<string>396E824A54C80F250DF83E0C</string>
					<string>997F5C0954EED7A500943A22</string>
					<string>E8BA4FF03A86A9156B540B69</string>
					<string>27580A5D34B0D5E1CC60B876</string>
					<string>6044D81B71E7BF4220F70288</string>
				</array>
				<key>isa</key>
				<string>PBXGroup</string>
				<key>name</key>
				<string>ofxCv</string>
				<key>sourceTree</key>
				<string>&lt;group&gt;</string>
			</dict>
			<key>13C72B31738CA9F68523CB1C</key>
			<dict>
				<key>children</key>
				<array>
					<string>4EB038C7DF921AA8A4070286</string>
				</array>
				<key>isa</key>
				<string>PBXGroup</string>
				<key>name</key>
				<string>include</string>
				<key>sourceTree</key>
				<string>&lt;group&gt;</string>
			</dict>
			<key>85961BEC127E2550AA7756C9</key>
			<dict>
				<key>children</key>
				<array>
					<string>13C72B31738CA9F68523CB1C</string>
					<string>D240A1DD1AE9F8E81BDBCD2B</string>
				</array>
				<key>isa</key>
				<string>PBXGroup</string>
				<key>name</key>
				<string>ofxCv</string>
				<key>sourceTree</key>
				<string>&lt;group&gt;</string>
			</dict>
			<key>414220F9C26F26BF41CC1C18</key>
			<dict>
				<key>explicitFileType</key>
				<string>sourcecode.c.h</string>
				<key>fileEncoding</key>
				<string>30</string>
				<key>isa</key>
				<string>PBXFileReference</string>
				<key>name</key>
				<string>Calibration.h</string>
				<key>path</key>
				<string>../../../Frameworks/OF_OSX/addons/ofxCv/libs/ofxCv/include/ofxCv/Calibration.h</string>
				<key>sourceTree</key>
				<string>SOURCE_ROOT</string>
			</dict>
			<key>F5356F296FA9B93BDBD6D4B7</key>
			<dict>
				<key>fileRef</key>
				<string>09DEF86DD9410811660E8A27</string>
				<key>isa</key>
				<string>PBXBuildFile</string>
			</dict>
			<key>09DEF86DD9410811660E8A27</key>
			<dict>
				<key>explicitFileType</key>
				<string>sourcecode.cpp.cpp</string>
				<key>fileEncoding</key>
				<string>30</string>
				<key>isa</key>
				<string>PBXFileReference</string>
				<key>name</key>
				<string>fdog.cpp</string>
				<key>path</key>
				<string>../../../Frameworks/OF_OSX/addons/ofxCv/libs/CLD/src/fdog.cpp</string>
				<key>sourceTree</key>
				<string>SOURCE_ROOT</string>
			</dict>
			<key>37CF39B443ACB0F86B1351ED</key>
			<dict>
				<key>children</key>
				<array>
					<string>CD024E5852D84FC3E6BBC533</string>
					<string>09DEF86DD9410811660E8A27</string>
				</array>
				<key>isa</key>
				<string>PBXGroup</string>
				<key>name</key>
				<string>src</string>
				<key>sourceTree</key>
				<string>&lt;group&gt;</string>
			</dict>
			<key>952D207A069581CB8D6F7F78</key>
			<dict>
				<key>fileRef</key>
				<string>CD024E5852D84FC3E6BBC533</string>
				<key>isa</key>
				<string>PBXBuildFile</string>
			</dict>
			<key>CD024E5852D84FC3E6BBC533</key>
			<dict>
				<key>explicitFileType</key>
				<string>sourcecode.cpp.cpp</string>
				<key>fileEncoding</key>
				<string>30</string>
				<key>isa</key>
				<string>PBXFileReference</string>
				<key>name</key>
				<string>ETF.cpp</string>
				<key>path</key>
				<string>../../../Frameworks/OF_OSX/addons/ofxCv/libs/CLD/src/ETF.cpp</string>
				<key>sourceTree</key>
				<string>SOURCE_ROOT</string>
			</dict>
			<key>BC2221F997ABF5E224C5866A</key>
			<dict>
				<key>explicitFileType</key>
				<string>sourcecode.c.h</string>
				<key>fileEncoding</key>
				<string>30</string>
				<key>isa</key>
				<string>PBXFileReference</string>
				<key>name</key>
				<string>myvec.h</string>
				<key>path</key>
				<string>../../../Frameworks/OF_OSX/addons/ofxCv/libs/CLD/include/CLD/myvec.h</string>
				<key>sourceTree</key>
				<string>SOURCE_ROOT</string>
			</dict>
			<key>A0C1CB11E2C854F3BF62F1DC</key>
			<dict>
				<key>explicitFileType</key>
				<string>sourcecode.c.h</string>
				<key>fileEncoding</key>
				<string>30</string>
				<key>isa</key>
				<string>PBXFileReference</string>
				<key>name</key>
				<string>imatrix.h</string>
				<key>path</key>
				<string>../../../Frameworks/OF_OSX/addons/ofxCv/libs/CLD/include/CLD/imatrix.h</string>
				<key>sourceTree</key>
				<string>SOURCE_ROOT</string>
			</dict>
			<key>5554FDEBAF3CFC0E073D60CA</key>
			<dict>
				<key>explicitFileType</key>
				<string>sourcecode.c.h</string>
				<key>fileEncoding</key>
				<string>30</string>
				<key>isa</key>
				<string>PBXFileReference</string>
				<key>name</key>
				<string>fdog.h</string>
				<key>path</key>
				<string>../../../Frameworks/OF_OSX/addons/ofxCv/libs/CLD/include/CLD/fdog.h</string>
				<key>sourceTree</key>
				<string>SOURCE_ROOT</string>
			</dict>
			<key>FEA273413D5AFD9607F56ABE</key>
			<dict>
				<key>children</key>
				<array>
					<string>19AB8B19C0303761E33A4BEC</string>
					<string>5554FDEBAF3CFC0E073D60CA</string>
					<string>A0C1CB11E2C854F3BF62F1DC</string>
					<string>BC2221F997ABF5E224C5866A</string>
				</array>
				<key>isa</key>
				<string>PBXGroup</string>
				<key>name</key>
				<string>CLD</string>
				<key>sourceTree</key>
				<string>&lt;group&gt;</string>
			</dict>
			<key>45591C11B7434576DF6996B4</key>
			<dict>
				<key>children</key>
				<array>
					<string>FEA273413D5AFD9607F56ABE</string>
				</array>
				<key>isa</key>
				<string>PBXGroup</string>
				<key>name</key>
				<string>include</string>
				<key>sourceTree</key>
				<string>&lt;group&gt;</string>
			</dict>
			<key>7CC1E591490DB083FB916812</key>
			<dict>
				<key>children</key>
				<array>
					<string>45591C11B7434576DF6996B4</string>
					<string>37CF39B443ACB0F86B1351ED</string>
				</array>
				<key>isa</key>
				<string>PBXGroup</string>
				<key>name</key>
				<string>CLD</string>
				<key>sourceTree</key>
				<string>&lt;group&gt;</string>
			</dict>
			<key>90D509C72729D1998E28A98F</key>
			<dict>
				<key>children</key>
				<array>
					<string>7CC1E591490DB083FB916812</string>
					<string>85961BEC127E2550AA7756C9</string>
				</array>
				<key>isa</key>
				<string>PBXGroup</string>
				<key>name</key>
				<string>libs</string>
				<key>sourceTree</key>
				<string>&lt;group&gt;</string>
			</dict>
			<key>19AB8B19C0303761E33A4BEC</key>
			<dict>
				<key>explicitFileType</key>
				<string>sourcecode.c.h</string>
				<key>fileEncoding</key>
				<string>30</string>
				<key>isa</key>
				<string>PBXFileReference</string>
				<key>name</key>
				<string>ETF.h</string>
				<key>path</key>
				<string>../../../Frameworks/OF_OSX/addons/ofxCv/libs/CLD/include/CLD/ETF.h</string>
				<key>sourceTree</key>
				<string>SOURCE_ROOT</string>
			</dict>
			<key>873F2BD1A608B2DE7BC81AFB</key>
			<dict>
				<key>children</key>
				<array>
					<string>AA0079D8ABC9A08AD55C98DC</string>
				</array>
				<key>isa</key>
				<string>PBXGroup</string>
				<key>name</key>
				<string>src</string>
				<key>sourceTree</key>
				<string>&lt;group&gt;</string>
			</dict>
			<key>6025FAF6414C2CA589764D26</key>
			<dict>
				<key>children</key>
				<array>
					<string>873F2BD1A608B2DE7BC81AFB</string>
					<string>90D509C72729D1998E28A98F</string>
				</array>
				<key>isa</key>
				<string>PBXGroup</string>
				<key>name</key>
				<string>ofxCv</string>
				<key>sourceTree</key>
				<string>&lt;group&gt;</string>
			</dict>
			<key>AA0079D8ABC9A08AD55C98DC</key>
			<dict>
				<key>explicitFileType</key>
				<string>sourcecode.c.h</string>
				<key>fileEncoding</key>
				<string>30</string>
				<key>isa</key>
				<string>PBXFileReference</string>
				<key>name</key>
				<string>ofxCv.h</string>
				<key>path</key>
				<string>../../../Frameworks/OF_OSX/addons/ofxCv/src/ofxCv.h</string>
				<key>sourceTree</key>
				<string>SOURCE_ROOT</string>
			</dict>
			<key>BB4B014C10F69532006C3DED</key>
			<dict>
				<key>children</key>
				<array>
					<string>6025FAF6414C2CA589764D26</string>
					<string>480A780D8D0308AE4A368801</string>
					<string>2865DAEF86B1907A704CA70B</string>
				</array>
				<key>isa</key>
				<string>PBXGroup</string>
				<key>name</key>
				<string>addons</string>
				<key>sourceTree</key>
				<string>&lt;group&gt;</string>
			</dict>
			<key>6948EE371B920CB800B5AC1A</key>
			<dict>
				<key>children</key>
				<array />
				<key>isa</key>
				<string>PBXGroup</string>
				<key>name</key>
				<string>local_addons</string>
				<key>sourceTree</key>
				<string>&lt;group&gt;</string>
			</dict>
			<key>E4328143138ABC890047C5CB</key>
			<dict>
				<key>isa</key>
				<string>PBXFileReference</string>
				<key>lastKnownFileType</key>
				<string>wrapper.pb-project</string>
				<key>name</key>
				<string>openFrameworksLib.xcodeproj</string>
				<key>path</key>
				<string>../../../Frameworks/OF_OSX/libs/openFrameworksCompiled/project/osx/openFrameworksLib.xcodeproj</string>
				<key>sourceTree</key>
				<string>SOURCE_ROOT</string>
			</dict>
			<key>E4328144138ABC890047C5CB</key>
			<dict>
				<key>children</key>
				<array>
					<string>E4328148138ABC890047C5CB</string>
				</array>
				<key>isa</key>
				<string>PBXGroup</string>
				<key>name</key>
				<string>Products</string>
				<key>sourceTree</key>
				<string>&lt;group&gt;</string>
			</dict>
			<key>E4328147138ABC890047C5CB</key>
			<dict>
				<key>containerPortal</key>
				<string>E4328143138ABC890047C5CB</string>
				<key>isa</key>
				<string>PBXContainerItemProxy</string>
				<key>proxyType</key>
				<string>2</string>
				<key>remoteGlobalIDString</key>
				<string>E4B27C1510CBEB8E00536013</string>
				<key>remoteInfo</key>
				<string>openFrameworks</string>
			</dict>
			<key>E4328148138ABC890047C5CB</key>
			<dict>
				<key>fileType</key>
				<string>archive.ar</string>
				<key>isa</key>
				<string>PBXReferenceProxy</string>
				<key>path</key>
				<string>openFrameworksDebug.a</string>
				<key>remoteRef</key>
				<string>E4328147138ABC890047C5CB</string>
				<key>sourceTree</key>
				<string>BUILT_PRODUCTS_DIR</string>
			</dict>
			<key>E4328149138ABC9F0047C5CB</key>
			<dict>
				<key>fileRef</key>
				<string>E4328148138ABC890047C5CB</string>
				<key>isa</key>
				<string>PBXBuildFile</string>
			</dict>
			<key>E4B69B4A0A3A1720003C02F2</key>
			<dict>
				<key>children</key>
				<array>
					<string>E4B6FCAD0C3E899E008CF71C</string>
					<string>E4EB6923138AFD0F00A09F29</string>
					<string>E4B69E1C0A3A1BDC003C02F2</string>
					<string>E4EEC9E9138DF44700A80321</string>
					<string>BB4B014C10F69532006C3DED</string>
					<string>6948EE371B920CB800B5AC1A</string>
					<string>E4B69B5B0A3A1756003C02F2</string>
				</array>
				<key>isa</key>
				<string>PBXGroup</string>
				<key>sourceTree</key>
				<string>&lt;group&gt;</string>
			</dict>
			<key>E4B69B4C0A3A1720003C02F2</key>
			<dict>
				<key>attributes</key>
				<dict>
					<key>LastUpgradeCheck</key>
					<string>0600</string>
				</dict>
				<key>buildConfigurationList</key>
				<string>E4B69B4D0A3A1720003C02F2</string>
				<key>compatibilityVersion</key>
				<string>Xcode 3.2</string>
				<key>developmentRegion</key>
				<string>English</string>
				<key>hasScannedForEncodings</key>
				<string>0</string>
				<key>isa</key>
				<string>PBXProject</string>
				<key>knownRegions</key>
				<array>
					<string>English</string>
					<string>Japanese</string>
					<string>French</string>
					<string>German</string>
				</array>
				<key>mainGroup</key>
				<string>E4B69B4A0A3A1720003C02F2</string>
				<key>productRefGroup</key>
				<string>E4B69B4A0A3A1720003C02F2</string>
				<key>projectDirPath</key>
				<string />
				<key>projectReferences</key>
				<array>
					<dict>
						<key>ProductGroup</key>
						<string>E4328144138ABC890047C5CB</string>
						<key>ProjectRef</key>
						<string>E4328143138ABC890047C5CB</string>
					</dict>
				</array>
				<key>projectRoot</key>
				<string />
				<key>targets</key>
				<array>
					<string>E4B69B5A0A3A1756003C02F2</string>
				</array>
			</dict>
			<key>E4B69B4D0A3A1720003C02F2</key>
			<dict>
				<key>buildConfigurations</key>
				<array>
					<string>E4B69B4E0A3A1720003C02F2</string>
					<string>E4B69B4F0A3A1720003C02F2</string>
				</array>
				<key>defaultConfigurationIsVisible</key>
				<string>0</string>
				<key>defaultConfigurationName</key>
				<string>Release</string>
				<key>isa</key>
				<string>XCConfigurationList</string>
			</dict>
			<key>E4B69B4E0A3A1720003C02F2</key>
			<dict>
				<key>baseConfigurationReference</key>
				<string>E4EB6923138AFD0F00A09F29</string>
				<key>buildSettings</key>
				<dict>
					<key>HEADER_SEARCH_PATHS</key>
					<array>
						<string>$(OF_CORE_HEADERS)</string>
						<string>src</string>
						<string>../../../Frameworks/OF_OSX/addons/ofxCv/libs</string>
						<string>../../../Frameworks/OF_OSX/addons/ofxCv/libs/CLD</string>
						<string>../../../Frameworks/OF_OSX/addons/ofxCv/libs/CLD/include</string>
						<string>../../../Frameworks/OF_OSX/addons/ofxCv/libs/CLD/include/CLD</string>
						<string>../../../Frameworks/OF_OSX/addons/ofxCv/libs/CLD/src</string>
						<string>../../../Frameworks/OF_OSX/addons/ofxCv/libs/ofxCv</string>
						<string>../../../Frameworks/OF_OSX/addons/ofxCv/libs/ofxCv/include</string>
						<string>../../../Frameworks/OF_OSX/addons/ofxCv/libs/ofxCv/include/ofxCv</string>
						<string>../../../Frameworks/OF_OSX/addons/ofxCv/libs/ofxCv/src</string>
						<string>../../../Frameworks/OF_OSX/addons/ofxCv/src</string>
						<string>../../../Frameworks/OF_OSX/addons/ofxGui/src</string>
						<string>../../../Frameworks/OF_OSX/addons/ofxJSON/libs</string>
						<string>../../../Frameworks/OF_OSX/addons/ofxJSON/libs/jsoncpp</string>
						<string>../../../Frameworks/OF_OSX/addons/ofxJSON/libs/jsoncpp/include</string>
						<string>../../../Frameworks/OF_OSX/addons/ofxJSON/libs/jsoncpp/include/json</string>
						<string>../../../Frameworks/OF_OSX/addons/ofxJSON/libs/jsoncpp/src</string>
						<string>../../../Frameworks/OF_OSX/addons/ofxJSON/src</string>
					</array>
					<key>CONFIGURATION_BUILD_DIR</key>
					<string>$(SRCROOT)/bin/</string>
					<key>COPY_PHASE_STRIP</key>
					<string>NO</string>
					<key>DEAD_CODE_STRIPPING</key>
					<string>YES</string>
					<key>GCC_AUTO_VECTORIZATION</key>
					<string>YES</string>
					<key>GCC_ENABLE_SSE3_EXTENSIONS</key>
					<string>YES</string>
					<key>GCC_ENABLE_SUPPLEMENTAL_SSE3_INSTRUCTIONS</key>
					<string>YES</string>
					<key>GCC_INLINES_ARE_PRIVATE_EXTERN</key>
					<string>NO</string>
					<key>GCC_OPTIMIZATION_LEVEL</key>
					<string>0</string>
					<key>GCC_SYMBOLS_PRIVATE_EXTERN</key>
					<string>NO</string>
					<key>GCC_WARN_ABOUT_DEPRECATED_FUNCTIONS</key>
					<string>YES</string>
					<key>GCC_WARN_ABOUT_INVALID_OFFSETOF_MACRO</key>
					<string>NO</string>
					<key>GCC_WARN_ALLOW_INCOMPLETE_PROTOCOL</key>
					<string>NO</string>
					<key>GCC_WARN_UNINITIALIZED_AUTOS</key>
					<string>NO</string>
					<key>GCC_WARN_UNUSED_VALUE</key>
					<string>NO</string>
					<key>GCC_WARN_UNUSED_VARIABLE</key>
					<string>NO</string>
					<key>MACOSX_DEPLOYMENT_TARGET</key>
					<string>10.8</string>
					<key>ONLY_ACTIVE_ARCH</key>
					<string>YES</string>
					<key>OTHER_CPLUSPLUSFLAGS</key>
					<array>
						<string>-D__MACOSX_CORE__</string>
						<string>-mtune=native</string>
					</array>
					<key>SDKROOT</key>
					<string>macosx</string>
				</dict>
				<key>isa</key>
				<string>XCBuildConfiguration</string>
				<key>name</key>
				<string>Debug</string>
			</dict>
			<key>E4B69B4F0A3A1720003C02F2</key>
			<dict>
				<key>baseConfigurationReference</key>
				<string>E4EB6923138AFD0F00A09F29</string>
				<key>buildSettings</key>
				<dict>
					<key>HEADER_SEARCH_PATHS</key>
					<array>
						<string>$(OF_CORE_HEADERS)</string>
						<string>src</string>
						<string>../../../Frameworks/OF_OSX/addons/ofxCv/libs</string>
						<string>../../../Frameworks/OF_OSX/addons/ofxCv/libs/CLD</string>
						<string>../../../Frameworks/OF_OSX/addons/ofxCv/libs/CLD/include</string>
						<string>../../../Frameworks/OF_OSX/addons/ofxCv/libs/CLD/include/CLD</string>
						<string>../../../Frameworks/OF_OSX/addons/ofxCv/libs/CLD/src</string>
						<string>../../../Frameworks/OF_OSX/addons/ofxCv/libs/ofxCv</string>
						<string>../../../Frameworks/OF_OSX/addons/ofxCv/libs/ofxCv/include</string>
						<string>../../../Frameworks/OF_OSX/addons/ofxCv/libs/ofxCv/include/ofxCv</string>
						<string>../../../Frameworks/OF_OSX/addons/ofxCv/libs/ofxCv/src</string>
						<string>../../../Frameworks/OF_OSX/addons/ofxCv/src</string>
						<string>../../../Frameworks/OF_OSX/addons/ofxGui/src</string>
						<string>../../../Frameworks/OF_OSX/addons/ofxJSON/libs</string>
						<string>../../../Frameworks/OF_OSX/addons/ofxJSON/libs/jsoncpp</string>
						<string>../../../Frameworks/OF_OSX/addons/ofxJSON/libs/jsoncpp/include</string>
						<string>../../../Frameworks/OF_OSX/addons/ofxJSON/libs/jsoncpp/include/json</string>
						<string>../../../Frameworks/OF_OSX/addons/ofxJSON/libs/jsoncpp/src</string>
						<string>../../../Frameworks/OF_OSX/addons/ofxJSON/src</string>
					</array>
					<key>CONFIGURATION_BUILD_DIR</key>
					<string>$(SRCROOT)/bin/</string>
					<key>COPY_PHASE_STRIP</key>
					<string>YES</string>
					<key>DEAD_CODE_STRIPPING</key>
					<string>YES</string>
					<key>GCC_AUTO_VECTORIZATION</key>
					<string>YES</string>
					<key>GCC_ENABLE_SSE3_EXTENSIONS</key>
					<string>YES</string>
					<key>GCC_ENABLE_SUPPLEMENTAL_SSE3_INSTRUCTIONS</key>
					<string>YES</string>
					<key>GCC_INLINES_ARE_PRIVATE_EXTERN</key>
					<string>NO</string>
					<key>GCC_OPTIMIZATION_LEVEL</key>
					<string>3</string>
					<key>GCC_SYMBOLS_PRIVATE_EXTERN</key>
					<string>NO</string>
					<key>GCC_UNROLL_LOOPS</key>
					<string>YES</string>
					<key>GCC_WARN_ABOUT_DEPRECATED_FUNCTIONS</key>
					<string>YES</string>
					<key>GCC_WARN_ABOUT_INVALID_OFFSETOF_MACRO</key>
					<string>NO</string>
					<key>GCC_WARN_ALLOW_INCOMPLETE_PROTOCOL</key>
					<string>NO</string>
					<key>GCC_WARN_UNINITIALIZED_AUTOS</key>
					<string>NO</string>
					<key>GCC_WARN_UNUSED_VALUE</key>
					<string>NO</string>
					<key>GCC_WARN_UNUSED_VARIABLE</key>
					<string>NO</string>
					<key>MACOSX_DEPLOYMENT_TARGET</key>
					<string>10.8</string>
					<key>OTHER_CPLUSPLUSFLAGS</key>
					<array>
						<string>-D__MACOSX_CORE__</string>
						<string>-mtune=native</string>
					</array>
					<key>SDKROOT</key>
					<string>macosx</string>
				</dict>
				<key>isa</key>
				<string>XCBuildConfiguration</string>
				<key>name</key>
				<string>Release</string>
			</dict>
			<key>E4B69B580A3A1756003C02F2</key>
			<dict>
				<key>buildActionMask</key>
				<string>2147483647</string>
				<key>files</key>
				<array>
					<string>E4B69E200A3A1BDC003C02F2</string>
					<string>E4B69E210A3A1BDC003C02F2</string>
					<string>952D207A069581CB8D6F7F78</string>
					<string>F5356F296FA9B93BDBD6D4B7</string>
					<string>B31F4C6594B2CA00CED674FB</string>
					<string>44F5B0E099E7637089308C55</string>
					<string>62FE956F4C0353571BC85662</string>
					<string>C0AB95005E63596E1CD93BBA</string>
					<string>C512FFB1BB80F4BAC45B5BDD</string>
					<string>23C95CC7901929312A839767</string>
					<string>AEC6E56A0DB1ECCA7595A138</string>
					<string>A5CB995D78F94BCF8C00C86A</string>
					<string>D34EAB9256DC43F66167DDD0</string>
					<string>EF6E174E1B38D44FC892E02E</string>
					<string>A0C55F71F64D49DE795653AE</string>
					<string>E3CEC2511A24D41B4D8B50BA</string>
					<string>3C576F3C2EB0C9D898F14B25</string>
					<string>2E45B1DAD0E5D156304FB3E5</string>
					<string>069F786A7ACD5876F0D08936</string>
					<string>B411A86836995E106258BFA5</string>
					<string>92CED5F9607D9992C96F4BA6</string>
					<string>67530C290718EC5B65342F59</string>
					<string>B65B1884DD371A238EC7635B</string>
					<string>2142C0F6F54F7BB6C039E852</string>
					<string>C963A84B20D03980EAE83B08</string>
				</array>
				<key>isa</key>
				<string>PBXSourcesBuildPhase</string>
				<key>runOnlyForDeploymentPostprocessing</key>
				<string>0</string>
			</dict>
			<key>E4B69B590A3A1756003C02F2</key>
			<dict>
				<key>buildActionMask</key>
				<string>2147483647</string>
				<key>files</key>
				<array>
					<string>E4328149138ABC9F0047C5CB</string>
				</array>
				<key>isa</key>
				<string>PBXFrameworksBuildPhase</string>
				<key>runOnlyForDeploymentPostprocessing</key>
				<string>0</string>
			</dict>
			<key>E4B69B5A0A3A1756003C02F2</key>
			<dict>
				<key>buildConfigurationList</key>
				<string>E4B69B5F0A3A1757003C02F2</string>
				<key>buildPhases</key>
				<array>
					<string>E4B69B580A3A1756003C02F2</string>
					<string>E4B69B590A3A1756003C02F2</string>
					<string>E4B6FFFD0C3F9AB9008CF71C</string>
					<string>E4C2427710CC5ABF004149E2</string>
				</array>
				<key>buildRules</key>
				<array />
				<key>dependencies</key>
				<array>
					<string>E4EEB9AC138B136A00A80321</string>
				</array>
				<key>isa</key>
				<string>PBXNativeTarget</string>
				<key>name</key>
				<string>GenerativeVideoMesh</string>
				<key>productName</key>
				<string>myOFApp</string>
				<key>productReference</key>
				<string>E4B69B5B0A3A1756003C02F2</string>
				<key>productType</key>
				<string>com.apple.product-type.application</string>
			</dict>
			<key>E4B69B5B0A3A1756003C02F2</key>
			<dict>
				<key>explicitFileType</key>
				<string>wrapper.application</string>
				<key>includeInIndex</key>
				<string>0</string>
				<key>isa</key>
				<string>PBXFileReference</string>
				<key>path</key>
				<string>GenerativeVideoMeshDebug.app</string>
				<key>sourceTree</key>
				<string>BUILT_PRODUCTS_DIR</string>
			</dict>
			<key>E4B69B5F0A3A1757003C02F2</key>
			<dict>
				<key>buildConfigurations</key>
				<array>
					<string>E4B69B600A3A1757003C02F2</string>
					<string>E4B69B610A3A1757003C02F2</string>
				</array>
				<key>defaultConfigurationIsVisible</key>
				<string>0</string>
				<key>defaultConfigurationName</key>
				<string>Release</string>
				<key>isa</key>
				<string>XCConfigurationList</string>
			</dict>
			<key>E4B69B600A3A1757003C02F2</key>
			<dict>
				<key>baseConfigurationReference</key>
				<string>E4EB6923138AFD0F00A09F29</string>
				<key>buildSettings</key>
				<dict>
					<key>HEADER_SEARCH_PATHS</key>
					<array>
						<string>$(OF_CORE_HEADERS)</string>
						<string>src</string>
						<string>../../../Frameworks/OF_OSX/addons/ofxCv/libs</string>
						<string>../../../Frameworks/OF_OSX/addons/ofxCv/libs/CLD</string>
						<string>../../../Frameworks/OF_OSX/addons/ofxCv/libs/CLD/include</string>
						<string>../../../Frameworks/OF_OSX/addons/ofxCv/libs/CLD/include/CLD</string>
						<string>../../../Frameworks/OF_OSX/addons/ofxCv/libs/CLD/src</string>
						<string>../../../Frameworks/OF_OSX/addons/ofxCv/libs/ofxCv</string>
						<string>../../../Frameworks/OF_OSX/addons/ofxCv/libs/ofxCv/include</string>
						<string>../../../Frameworks/OF_OSX/addons/ofxCv/libs/ofxCv/include/ofxCv</string>
						<string>../../../Frameworks/OF_OSX/addons/ofxCv/libs/ofxCv/src</string>
						<string>../../../Frameworks/OF_OSX/addons/ofxCv/src</string>
						<string>../../../Frameworks/OF_OSX/addons/ofxGui/src</string>
						<string>../../../Frameworks/OF_OSX/addons/ofxJSON/libs</string>
						<string>../../../Frameworks/OF_OSX/addons/ofxJSON/libs/jsoncpp</string>
						<string>../../../Frameworks/OF_OSX/addons/ofxJSON/libs/jsoncpp/include</string>
						<string>../../../Frameworks/OF_OSX/addons/ofxJSON/libs/jsoncpp/include/json</string>
						<string>../../../Frameworks/OF_OSX/addons/ofxJSON/libs/jsoncpp/src</string>
						<string>../../../Frameworks/OF_OSX/addons/ofxJSON/src</string>
					</array>
					<key>COMBINE_HIDPI_IMAGES</key>
					<string>YES</string>
					<key>COPY_PHASE_STRIP</key>
					<string>NO</string>
					<key>FRAMEWORK_SEARCH_PATHS</key>
					<array>
						<string>$(inherited)</string>
						<string>$(FRAMEWORK_SEARCH_PATHS_QUOTED_FOR_TARGET_1)</string>
					</array>
					<key>FRAMEWORK_SEARCH_PATHS_QUOTED_FOR_TARGET_1</key>
					<string>"$(SRCROOT)/../../../Frameworks/OF_OSX/libs/glut/lib/osx"</string>
					<key>GCC_DYNAMIC_NO_PIC</key>
					<string>NO</string>
					<key>GCC_GENERATE_DEBUGGING_SYMBOLS</key>
					<string>YES</string>
					<key>GCC_MODEL_TUNING</key>
					<string>NONE</string>
					<key>ICON</key>
					<string>$(ICON_NAME_DEBUG)</string>
					<key>ICON_FILE</key>
					<string>$(ICON_FILE_PATH)$(ICON)</string>
					<key>INFOPLIST_FILE</key>
					<string>openFrameworks-Info.plist</string>
					<key>INSTALL_PATH</key>
					<string>$(HOME)/Applications</string>
					<key>LIBRARY_SEARCH_PATHS</key>
					<string>$(inherited)</string>
					<key>PRODUCT_NAME</key>
					<string>$(TARGET_NAME)Debug</string>
					<key>WRAPPER_EXTENSION</key>
					<string>app</string>
				</dict>
				<key>isa</key>
				<string>XCBuildConfiguration</string>
				<key>name</key>
				<string>Debug</string>
			</dict>
			<key>E4B69B610A3A1757003C02F2</key>
			<dict>
				<key>baseConfigurationReference</key>
				<string>E4EB6923138AFD0F00A09F29</string>
				<key>buildSettings</key>
				<dict>
					<key>HEADER_SEARCH_PATHS</key>
					<array>
						<string>$(OF_CORE_HEADERS)</string>
						<string>src</string>
						<string>../../../Frameworks/OF_OSX/addons/ofxCv/libs</string>
						<string>../../../Frameworks/OF_OSX/addons/ofxCv/libs/CLD</string>
						<string>../../../Frameworks/OF_OSX/addons/ofxCv/libs/CLD/include</string>
						<string>../../../Frameworks/OF_OSX/addons/ofxCv/libs/CLD/include/CLD</string>
						<string>../../../Frameworks/OF_OSX/addons/ofxCv/libs/CLD/src</string>
						<string>../../../Frameworks/OF_OSX/addons/ofxCv/libs/ofxCv</string>
						<string>../../../Frameworks/OF_OSX/addons/ofxCv/libs/ofxCv/include</string>
						<string>../../../Frameworks/OF_OSX/addons/ofxCv/libs/ofxCv/include/ofxCv</string>
						<string>../../../Frameworks/OF_OSX/addons/ofxCv/libs/ofxCv/src</string>
						<string>../../../Frameworks/OF_OSX/addons/ofxCv/src</string>
						<string>../../../Frameworks/OF_OSX/addons/ofxGui/src</string>
						<string>../../../Frameworks/OF_OSX/addons/ofxJSON/libs</string>
						<string>../../../Frameworks/OF_OSX/addons/ofxJSON/libs/jsoncpp</string>
						<string>../../../Frameworks/OF_OSX/addons/ofxJSON/libs/jsoncpp/include</string>
						<string>../../../Frameworks/OF_OSX/addons/ofxJSON/libs/jsoncpp/include/json</string>
						<string>../../../Frameworks/OF_OSX/addons/ofxJSON/libs/jsoncpp/src</string>
						<string>../../../Frameworks/OF_OSX/addons/ofxJSON/src</string>
					</array>
					<key>COMBINE_HIDPI_IMAGES</key>
					<string>YES</string>
					<key>COPY_PHASE_STRIP</key>
					<string>YES</string>
					<key>FRAMEWORK_SEARCH_PATHS</key>
					<array>
						<string>$(inherited)</string>
						<string>$(FRAMEWORK_SEARCH_PATHS_QUOTED_FOR_TARGET_1)</string>
					</array>
					<key>FRAMEWORK_SEARCH_PATHS_QUOTED_FOR_TARGET_1</key>
					<string>"$(SRCROOT)/../../../Frameworks/OF_OSX/libs/glut/lib/osx"</string>
					<key>GCC_GENERATE_DEBUGGING_SYMBOLS</key>
					<string>YES</string>
					<key>GCC_MODEL_TUNING</key>
					<string>NONE</string>
					<key>ICON</key>
					<string>$(ICON_NAME_RELEASE)</string>
					<key>ICON_FILE</key>
					<string>$(ICON_FILE_PATH)$(ICON)</string>
					<key>INFOPLIST_FILE</key>
					<string>openFrameworks-Info.plist</string>
					<key>INSTALL_PATH</key>
					<string>$(HOME)/Applications</string>
					<key>LIBRARY_SEARCH_PATHS</key>
					<string>$(inherited)</string>
					<key>PRODUCT_NAME</key>
					<string>$(TARGET_NAME)</string>
					<key>WRAPPER_EXTENSION</key>
					<string>app</string>
					<key>baseConfigurationReference</key>
					<string>E4EB6923138AFD0F00A09F29</string>
				</dict>
				<key>isa</key>
				<string>XCBuildConfiguration</string>
				<key>name</key>
				<string>Release</string>
			</dict>
			<key>E4B69E1C0A3A1BDC003C02F2</key>
			<dict>
				<key>children</key>
				<array>
					<string>E4B69E1D0A3A1BDC003C02F2</string>
					<string>E4B69E1E0A3A1BDC003C02F2</string>
					<string>E4B69E1F0A3A1BDC003C02F2</string>
				</array>
				<key>isa</key>
				<string>PBXGroup</string>
				<key>path</key>
				<string>src</string>
				<key>sourceTree</key>
				<string>SOURCE_ROOT</string>
			</dict>
			<key>E4B69E1D0A3A1BDC003C02F2</key>
			<dict>
				<key>fileEncoding</key>
				<string>30</string>
				<key>isa</key>
				<string>PBXFileReference</string>
				<key>lastKnownFileType</key>
				<string>sourcecode.cpp.cpp</string>
				<key>name</key>
				<string>main.cpp</string>
				<key>path</key>
				<string>src/main.cpp</string>
				<key>sourceTree</key>
				<string>SOURCE_ROOT</string>
			</dict>
			<key>E4B69E1E0A3A1BDC003C02F2</key>
			<dict>
				<key>explicitFileType</key>
				<string>sourcecode.cpp.cpp</string>
				<key>fileEncoding</key>
				<string>30</string>
				<key>isa</key>
				<string>PBXFileReference</string>
				<key>name</key>
				<string>ofApp.cpp</string>
				<key>path</key>
				<string>src/ofApp.cpp</string>
				<key>sourceTree</key>
				<string>SOURCE_ROOT</string>
			</dict>
			<key>E4B69E1F0A3A1BDC003C02F2</key>
			<dict>
				<key>fileEncoding</key>
				<string>30</string>
				<key>isa</key>
				<string>PBXFileReference</string>
				<key>lastKnownFileType</key>
				<string>sourcecode.c.h</string>
				<key>name</key>
				<string>ofApp.h</string>
				<key>path</key>
				<string>src/ofApp.h</string>
				<key>sourceTree</key>
				<string>SOURCE_ROOT</string>
			</dict>
			<key>E4B69E200A3A1BDC003C02F2</key>
			<dict>
				<key>fileRef</key>
				<string>E4B69E1D0A3A1BDC003C02F2</string>
				<key>isa</key>
				<string>PBXBuildFile</string>
			</dict>
			<key>E4B69E210A3A1BDC003C02F2</key>
			<dict>
				<key>fileRef</key>
				<string>E4B69E1E0A3A1BDC003C02F2</string>
				<key>isa</key>
				<string>PBXBuildFile</string>
			</dict>
			<key>E4B6FCAD0C3E899E008CF71C</key>
			<dict>
				<key>fileEncoding</key>
				<string>30</string>
				<key>isa</key>
				<string>PBXFileReference</string>
				<key>lastKnownFileType</key>
				<string>text.plist.xml</string>
				<key>path</key>
				<string>openFrameworks-Info.plist</string>
				<key>sourceTree</key>
				<string>&lt;group&gt;</string>
			</dict>
			<key>E4B6FFFD0C3F9AB9008CF71C</key>
			<dict>
				<key>buildActionMask</key>
				<string>2147483647</string>
				<key>files</key>
				<array />
				<key>inputPaths</key>
				<array />
				<key>isa</key>
				<string>PBXShellScriptBuildPhase</string>
				<key>outputPaths</key>
				<array />
				<key>runOnlyForDeploymentPostprocessing</key>
				<string>0</string>
				<key>shellPath</key>
				<string>/bin/sh</string>
				<key>shellScript</key>
				<string>rsync -aved ../../../Frameworks/OF_OSX/libs/fmodex/lib/osx/libfmodex.dylib "$TARGET_BUILD_DIR/$PRODUCT_NAME.app/Contents/MacOS/"; install_name_tool -change ./libfmodex.dylib @executable_path/libfmodex.dylib "$TARGET_BUILD_DIR/$PRODUCT_NAME.app/Contents/MacOS/$PRODUCT_NAME";
mkdir -p "$TARGET_BUILD_DIR/$PRODUCT_NAME.app/Contents/Resources/"
rsync -aved "$ICON_FILE" "$TARGET_BUILD_DIR/$PRODUCT_NAME.app/Contents/Resources/"
rsync -aved ../../../Frameworks/OF_OSX/libs/glut/lib/osx/GLUT.framework "$TARGET_BUILD_DIR/$PRODUCT_NAME.app/Contents/Frameworks/"
</string>
			</dict>
			<key>E4C2427710CC5ABF004149E2</key>
			<dict>
				<key>buildActionMask</key>
				<string>2147483647</string>
				<key>dstPath</key>
				<string />
				<key>dstSubfolderSpec</key>
				<string>10</string>
				<key>files</key>
				<array />
				<key>isa</key>
				<string>PBXCopyFilesBuildPhase</string>
				<key>runOnlyForDeploymentPostprocessing</key>
				<string>0</string>
			</dict>
			<key>E4EB691F138AFCF100A09F29</key>
			<dict>
				<key>fileEncoding</key>
				<string>4</string>
				<key>isa</key>
				<string>PBXFileReference</string>
				<key>lastKnownFileType</key>
				<string>text.xcconfig</string>
				<key>name</key>
				<string>CoreOF.xcconfig</string>
				<key>path</key>
				<string>../../../Frameworks/OF_OSX/libs/openFrameworksCompiled/project/osx/CoreOF.xcconfig</string>
				<key>sourceTree</key>
				<string>SOURCE_ROOT</string>
			</dict>
			<key>E4EB6923138AFD0F00A09F29</key>
			<dict>
				<key>fileEncoding</key>
				<string>4</string>
				<key>isa</key>
				<string>PBXFileReference</string>
				<key>lastKnownFileType</key>
				<string>text.xcconfig</string>
				<key>path</key>
				<string>Project.xcconfig</string>
				<key>sourceTree</key>
				<string>&lt;group&gt;</string>
			</dict>
			<key>E4EEB9AB138B136A00A80321</key>
			<dict>
				<key>containerPortal</key>
				<string>E4328143138ABC890047C5CB</string>
				<key>isa</key>
				<string>PBXContainerItemProxy</string>
				<key>proxyType</key>
				<string>1</string>
				<key>remoteGlobalIDString</key>
				<string>E4B27C1410CBEB8E00536013</string>
				<key>remoteInfo</key>
				<string>openFrameworks</string>
			</dict>
			<key>E4EEB9AC138B136A00A80321</key>
			<dict>
				<key>isa</key>
				<string>PBXTargetDependency</string>
				<key>name</key>
				<string>openFrameworks</string>
				<key>targetProxy</key>
				<string>E4EEB9AB138B136A00A80321</string>
			</dict>
			<key>E4EEC9E9138DF44700A80321</key>
			<dict>
				<key>children</key>
				<array>
					<string>E4EB691F138AFCF100A09F29</string>
					<string>E4328143138ABC890047C5CB</string>
				</array>
				<key>isa</key>
				<string>PBXGroup</string>
				<key>name</key>
				<string>openFrameworks</string>
				<key>sourceTree</key>
				<string>&lt;group&gt;</string>
			</dict>
		</dict>
		<key>rootObject</key>
		<string>E4B69B4C0A3A1720003C02F2</string>
	</dict>
</plist>
